// !$*UTF8*$!
{
	archiveVersion = 1;
	classes = {
	};
	objectVersion = 46;
	objects = {

/* Begin PBXBuildFile section */
		39FD14A01EAC14C2008EBE66 /* AppDelegate.swift in Sources */ = {isa = PBXBuildFile; fileRef = 39FD149F1EAC14C2008EBE66 /* AppDelegate.swift */; };
		39FD14A21EAC14C2008EBE66 /* ViewController.swift in Sources */ = {isa = PBXBuildFile; fileRef = 39FD14A11EAC14C2008EBE66 /* ViewController.swift */; };
		39FD14A51EAC14C2008EBE66 /* Main.storyboard in Resources */ = {isa = PBXBuildFile; fileRef = 39FD14A31EAC14C2008EBE66 /* Main.storyboard */; };
		39FD14A71EAC14C2008EBE66 /* Assets.xcassets in Resources */ = {isa = PBXBuildFile; fileRef = 39FD14A61EAC14C2008EBE66 /* Assets.xcassets */; };
		39FD14AA1EAC14C2008EBE66 /* LaunchScreen.storyboard in Resources */ = {isa = PBXBuildFile; fileRef = 39FD14A81EAC14C2008EBE66 /* LaunchScreen.storyboard */; };
/* End PBXBuildFile section */

/* Begin PBXFileReference section */
		39FD149C1EAC14C2008EBE66 /* AbblyDemo.app */ = {isa = PBXFileReference; explicitFileType = wrapper.application; includeInIndex = 0; path = AbblyDemo.app; sourceTree = BUILT_PRODUCTS_DIR; };
		39FD149F1EAC14C2008EBE66 /* AppDelegate.swift */ = {isa = PBXFileReference; lastKnownFileType = sourcecode.swift; path = AppDelegate.swift; sourceTree = "<group>"; };
		39FD14A11EAC14C2008EBE66 /* ViewController.swift */ = {isa = PBXFileReference; lastKnownFileType = sourcecode.swift; path = ViewController.swift; sourceTree = "<group>"; };
		39FD14A41EAC14C2008EBE66 /* Base */ = {isa = PBXFileReference; lastKnownFileType = file.storyboard; name = Base; path = Base.lproj/Main.storyboard; sourceTree = "<group>"; };
		39FD14A61EAC14C2008EBE66 /* Assets.xcassets */ = {isa = PBXFileReference; lastKnownFileType = folder.assetcatalog; path = Assets.xcassets; sourceTree = "<group>"; };
		39FD14A91EAC14C2008EBE66 /* Base */ = {isa = PBXFileReference; lastKnownFileType = file.storyboard; name = Base; path = Base.lproj/LaunchScreen.storyboard; sourceTree = "<group>"; };
		39FD14AB1EAC14C2008EBE66 /* Info.plist */ = {isa = PBXFileReference; lastKnownFileType = text.plist.xml; path = Info.plist; sourceTree = "<group>"; };
/* End PBXFileReference section */

/* Begin PBXFrameworksBuildPhase section */
		39FD14991EAC14C2008EBE66 /* Frameworks */ = {
			isa = PBXFrameworksBuildPhase;
			buildActionMask = 2147483647;
			files = (
			);
			runOnlyForDeploymentPostprocessing = 0;
		};
/* End PBXFrameworksBuildPhase section */

/* Begin PBXGroup section */
		39FD14931EAC14C2008EBE66 = {
			isa = PBXGroup;
			children = (
				39FD149E1EAC14C2008EBE66 /* AbblyDemo */,
				39FD149D1EAC14C2008EBE66 /* Products */,
			);
			sourceTree = "<group>";
		};
		39FD149D1EAC14C2008EBE66 /* Products */ = {
			isa = PBXGroup;
			children = (
				39FD149C1EAC14C2008EBE66 /* AbblyDemo.app */,
			);
			name = Products;
			sourceTree = "<group>";
		};
		39FD149E1EAC14C2008EBE66 /* AbblyDemo */ = {
			isa = PBXGroup;
			children = (
				39FD149F1EAC14C2008EBE66 /* AppDelegate.swift */,
				39FD14A11EAC14C2008EBE66 /* ViewController.swift */,
				39FD14A31EAC14C2008EBE66 /* Main.storyboard */,
				39FD14A61EAC14C2008EBE66 /* Assets.xcassets */,
				39FD14A81EAC14C2008EBE66 /* LaunchScreen.storyboard */,
				39FD14AB1EAC14C2008EBE66 /* Info.plist */,
			);
			path = AbblyDemo;
			sourceTree = "<group>";
		};
/* End PBXGroup section */

/* Begin PBXNativeTarget section */
		39FD149B1EAC14C2008EBE66 /* AbblyDemo */ = {
			isa = PBXNativeTarget;
			buildConfigurationList = 39FD14AE1EAC14C2008EBE66 /* Build configuration list for PBXNativeTarget "AbblyDemo" */;
			buildPhases = (
				39FD14981EAC14C2008EBE66 /* Sources */,
				39FD14991EAC14C2008EBE66 /* Frameworks */,
				39FD149A1EAC14C2008EBE66 /* Resources */,
			);
			buildRules = (
			);
			dependencies = (
			);
			name = AbblyDemo;
			productName = AbblyDemo;
			productReference = 39FD149C1EAC14C2008EBE66 /* AbblyDemo.app */;
			productType = "com.apple.product-type.application";
		};
/* End PBXNativeTarget section */

/* Begin PBXProject section */
		39FD14941EAC14C2008EBE66 /* Project object */ = {
			isa = PBXProject;
			attributes = {
				LastSwiftUpdateCheck = 0830;
				LastUpgradeCheck = 0830;
				ORGANIZATIONNAME = "Bruno Aybar";
				TargetAttributes = {
					39FD149B1EAC14C2008EBE66 = {
						CreatedOnToolsVersion = 8.3.1;
						ProvisioningStyle = Automatic;
					};
				};
			};
			buildConfigurationList = 39FD14971EAC14C2008EBE66 /* Build configuration list for PBXProject "AbblyDemo" */;
			compatibilityVersion = "Xcode 3.2";
			developmentRegion = English;
			hasScannedForEncodings = 0;
			knownRegions = (
				en,
				Base,
			);
			mainGroup = 39FD14931EAC14C2008EBE66;
			productRefGroup = 39FD149D1EAC14C2008EBE66 /* Products */;
			projectDirPath = "";
			projectRoot = "";
			targets = (
				39FD149B1EAC14C2008EBE66 /* AbblyDemo */,
			);
		};
/* End PBXProject section */

/* Begin PBXResourcesBuildPhase section */
		39FD149A1EAC14C2008EBE66 /* Resources */ = {
			isa = PBXResourcesBuildPhase;
			buildActionMask = 2147483647;
			files = (
				39FD14AA1EAC14C2008EBE66 /* LaunchScreen.storyboard in Resources */,
				39FD14A71EAC14C2008EBE66 /* Assets.xcassets in Resources */,
				39FD14A51EAC14C2008EBE66 /* Main.storyboard in Resources */,
			);
			runOnlyForDeploymentPostprocessing = 0;
		};
/* End PBXResourcesBuildPhase section */

/* Begin PBXSourcesBuildPhase section */
		39FD14981EAC14C2008EBE66 /* Sources */ = {
			isa = PBXSourcesBuildPhase;
			buildActionMask = 2147483647;
			files = (
				39FD14A21EAC14C2008EBE66 /* ViewController.swift in Sources */,
				39FD14A01EAC14C2008EBE66 /* AppDelegate.swift in Sources */,
			);
			runOnlyForDeploymentPostprocessing = 0;
		};
/* End PBXSourcesBuildPhase section */

/* Begin PBXVariantGroup section */
		39FD14A31EAC14C2008EBE66 /* Main.storyboard */ = {
			isa = PBXVariantGroup;
			children = (
				39FD14A41EAC14C2008EBE66 /* Base */,
			);
			name = Main.storyboard;
			sourceTree = "<group>";
		};
		39FD14A81EAC14C2008EBE66 /* LaunchScreen.storyboard */ = {
			isa = PBXVariantGroup;
			children = (
				39FD14A91EAC14C2008EBE66 /* Base */,
			);
			name = LaunchScreen.storyboard;
			sourceTree = "<group>";
		};
/* End PBXVariantGroup section */

/* Begin XCBuildConfiguration section */
		39FD14AC1EAC14C2008EBE66 /* Debug */ = {
			isa = XCBuildConfiguration;
			buildSettings = {
				ALWAYS_SEARCH_USER_PATHS = NO;
				CLANG_ANALYZER_NONNULL = YES;
				CLANG_ANALYZER_NUMBER_OBJECT_CONVERSION = YES_AGGRESSIVE;
				CLANG_CXX_LANGUAGE_STANDARD = "gnu++0x";
				CLANG_CXX_LIBRARY = "libc++";
				CLANG_ENABLE_MODULES = YES;
				CLANG_ENABLE_OBJC_ARC = YES;
				CLANG_WARN_BOOL_CONVERSION = YES;
				CLANG_WARN_CONSTANT_CONVERSION = YES;
				CLANG_WARN_DIRECT_OBJC_ISA_USAGE = YES_ERROR;
				CLANG_WARN_DOCUMENTATION_COMMENTS = YES;
				CLANG_WARN_EMPTY_BODY = YES;
				CLANG_WARN_ENUM_CONVERSION = YES;
				CLANG_WARN_INFINITE_RECURSION = YES;
				CLANG_WARN_INT_CONVERSION = YES;
				CLANG_WARN_OBJC_ROOT_CLASS = YES_ERROR;
				CLANG_WARN_SUSPICIOUS_MOVE = YES;
				CLANG_WARN_UNREACHABLE_CODE = YES;
				CLANG_WARN__DUPLICATE_METHOD_MATCH = YES;
				"CODE_SIGN_IDENTITY[sdk=iphoneos*]" = "iPhone Developer";
				COPY_PHASE_STRIP = NO;
				DEBUG_INFORMATION_FORMAT = dwarf;
				ENABLE_STRICT_OBJC_MSGSEND = YES;
				ENABLE_TESTABILITY = YES;
				GCC_C_LANGUAGE_STANDARD = gnu99;
				GCC_DYNAMIC_NO_PIC = NO;
				GCC_NO_COMMON_BLOCKS = YES;
				GCC_OPTIMIZATION_LEVEL = 0;
				GCC_PREPROCESSOR_DEFINITIONS = (
					"DEBUG=1",
					"$(inherited)",
				);
				GCC_WARN_64_TO_32_BIT_CONVERSION = YES;
				GCC_WARN_ABOUT_RETURN_TYPE = YES_ERROR;
				GCC_WARN_UNDECLARED_SELECTOR = YES;
				GCC_WARN_UNINITIALIZED_AUTOS = YES_AGGRESSIVE;
				GCC_WARN_UNUSED_FUNCTION = YES;
				GCC_WARN_UNUSED_VARIABLE = YES;
				IPHONEOS_DEPLOYMENT_TARGET = 10.3;
				MTL_ENABLE_DEBUG_INFO = YES;
				ONLY_ACTIVE_ARCH = YES;
				SDKROOT = iphoneos;
				SWIFT_ACTIVE_COMPILATION_CONDITIONS = DEBUG;
				SWIFT_OPTIMIZATION_LEVEL = "-Onone";
				TARGETED_DEVICE_FAMILY = "1,2";
			};
			name = Debug;
		};
		39FD14AD1EAC14C2008EBE66 /* Release */ = {
			isa = XCBuildConfiguration;
			buildSettings = {
				ALWAYS_SEARCH_USER_PATHS = NO;
				CLANG_ANALYZER_NONNULL = YES;
				CLANG_ANALYZER_NUMBER_OBJECT_CONVERSION = YES_AGGRESSIVE;
				CLANG_CXX_LANGUAGE_STANDARD = "gnu++0x";
				CLANG_CXX_LIBRARY = "libc++";
				CLANG_ENABLE_MODULES = YES;
				CLANG_ENABLE_OBJC_ARC = YES;
				CLANG_WARN_BOOL_CONVERSION = YES;
				CLANG_WARN_CONSTANT_CONVERSION = YES;
				CLANG_WARN_DIRECT_OBJC_ISA_USAGE = YES_ERROR;
				CLANG_WARN_DOCUMENTATION_COMMENTS = YES;
				CLANG_WARN_EMPTY_BODY = YES;
				CLANG_WARN_ENUM_CONVERSION = YES;
				CLANG_WARN_INFINITE_RECURSION = YES;
				CLANG_WARN_INT_CONVERSION = YES;
				CLANG_WARN_OBJC_ROOT_CLASS = YES_ERROR;
				CLANG_WARN_SUSPICIOUS_MOVE = YES;
				CLANG_WARN_UNREACHABLE_CODE = YES;
				CLANG_WARN__DUPLICATE_METHOD_MATCH = YES;
				"CODE_SIGN_IDENTITY[sdk=iphoneos*]" = "iPhone Developer";
				COPY_PHASE_STRIP = NO;
				DEBUG_INFORMATION_FORMAT = "dwarf-with-dsym";
				ENABLE_NS_ASSERTIONS = NO;
				ENABLE_STRICT_OBJC_MSGSEND = YES;
				GCC_C_LANGUAGE_STANDARD = gnu99;
				GCC_NO_COMMON_BLOCKS = YES;
				GCC_WARN_64_TO_32_BIT_CONVERSION = YES;
				GCC_WARN_ABOUT_RETURN_TYPE = YES_ERROR;
				GCC_WARN_UNDECLARED_SELECTOR = YES;
				GCC_WARN_UNINITIALIZED_AUTOS = YES_AGGRESSIVE;
				GCC_WARN_UNUSED_FUNCTION = YES;
				GCC_WARN_UNUSED_VARIABLE = YES;
				IPHONEOS_DEPLOYMENT_TARGET = 10.3;
				MTL_ENABLE_DEBUG_INFO = NO;
				SDKROOT = iphoneos;
				SWIFT_OPTIMIZATION_LEVEL = "-Owholemodule";
				TARGETED_DEVICE_FAMILY = "1,2";
				VALIDATE_PRODUCT = YES;
			};
			name = Release;
		};
		39FD14AF1EAC14C2008EBE66 /* Debug */ = {
			isa = XCBuildConfiguration;
			buildSettings = {
				ASSETCATALOG_COMPILER_APPICON_NAME = AppIcon;
				INFOPLIST_FILE = AbblyDemo/Info.plist;
				LD_RUNPATH_SEARCH_PATHS = "$(inherited) @executable_path/Frameworks";
				PRODUCT_BUNDLE_IDENTIFIER = com.brunoaybar.AbblyDemo;
				PRODUCT_NAME = "$(TARGET_NAME)";
				SWIFT_VERSION = 3.0;
			};
			name = Debug;
		};
		39FD14B01EAC14C2008EBE66 /* Release */ = {
			isa = XCBuildConfiguration;
			buildSettings = {
				ASSETCATALOG_COMPILER_APPICON_NAME = AppIcon;
				INFOPLIST_FILE = AbblyDemo/Info.plist;
				LD_RUNPATH_SEARCH_PATHS = "$(inherited) @executable_path/Frameworks";
				PRODUCT_BUNDLE_IDENTIFIER = com.brunoaybar.AbblyDemo;
				PRODUCT_NAME = "$(TARGET_NAME)";
				SWIFT_VERSION = 3.0;
			};
			name = Release;
		};
/* End XCBuildConfiguration section */

/* Begin XCConfigurationList section */
		39FD14971EAC14C2008EBE66 /* Build configuration list for PBXProject "AbblyDemo" */ = {
			isa = XCConfigurationList;
			buildConfigurations = (
				39FD14AC1EAC14C2008EBE66 /* Debug */,
				39FD14AD1EAC14C2008EBE66 /* Release */,
			);
			defaultConfigurationIsVisible = 0;
			defaultConfigurationName = Release;
		};
		39FD14AE1EAC14C2008EBE66 /* Build configuration list for PBXNativeTarget "AbblyDemo" */ = {
			isa = XCConfigurationList;
			buildConfigurations = (
				39FD14AF1EAC14C2008EBE66 /* Debug */,
				39FD14B01EAC14C2008EBE66 /* Release */,
			);
			defaultConfigurationIsVisible = 0;
		};
/* End XCConfigurationList section */
	};
	rootObject = 39FD14941EAC14C2008EBE66 /* Project object */;
}
