// !$*UTF8*$!
{
	archiveVersion = 1;
	classes = {
	};
	objectVersion = 46;
	objects = {

/* Begin PBXBuildFile section */
		01F83DEF66BC39F46DC78316 /* Pods_DemoAbly.framework in Frameworks */ = {isa = PBXBuildFile; fileRef = 9E89C8FD9F785451029D09F9 /* Pods_DemoAbly.framework */; };
		12D1C04D952B6A3FF1F28366 /* Pods_DemoFirebase.framework in Frameworks */ = {isa = PBXBuildFile; fileRef = 2875795F08811D2B9AA9033B /* Pods_DemoFirebase.framework */; };
		256219CBCE51225AE8D3F392 /* Pods_ChatDemos.framework in Frameworks */ = {isa = PBXBuildFile; fileRef = B767034A223EA47D70F9408B /* Pods_ChatDemos.framework */; };
		391A3BBF1EB7E5BB00A4999F /* AppDelegate.swift in Sources */ = {isa = PBXBuildFile; fileRef = 391A3BB61EB7E5BB00A4999F /* AppDelegate.swift */; };
		391A3BC01EB7E5BB00A4999F /* Assets.xcassets in Resources */ = {isa = PBXBuildFile; fileRef = 391A3BB71EB7E5BB00A4999F /* Assets.xcassets */; };
		391A3BC21EB7E5BB00A4999F /* GoogleService-Info.plist in Resources */ = {isa = PBXBuildFile; fileRef = 391A3BB91EB7E5BB00A4999F /* GoogleService-Info.plist */; };
		391A3BC31EB7E5BB00A4999F /* Info.plist in Resources */ = {isa = PBXBuildFile; fileRef = 391A3BBA1EB7E5BB00A4999F /* Info.plist */; };
		391A3BC41EB7E5BB00A4999F /* JsonFileReader.swift in Sources */ = {isa = PBXBuildFile; fileRef = 391A3BBB1EB7E5BB00A4999F /* JsonFileReader.swift */; };
		391A3BC51EB7E5BB00A4999F /* TextEntryCell.swift in Sources */ = {isa = PBXBuildFile; fileRef = 391A3BBC1EB7E5BB00A4999F /* TextEntryCell.swift */; };
		391A3BC61EB7E5BB00A4999F /* TextViewController.swift in Sources */ = {isa = PBXBuildFile; fileRef = 391A3BBD1EB7E5BB00A4999F /* TextViewController.swift */; };
		391A3BC71EB7E5BB00A4999F /* ViewController.swift in Sources */ = {isa = PBXBuildFile; fileRef = 391A3BBE1EB7E5BB00A4999F /* ViewController.swift */; };
		391A3BCC1EB7E5D600A4999F /* LaunchScreen.storyboard in Resources */ = {isa = PBXBuildFile; fileRef = 391A3BC81EB7E5D600A4999F /* LaunchScreen.storyboard */; };
		391A3BCD1EB7E5D600A4999F /* Main.storyboard in Resources */ = {isa = PBXBuildFile; fileRef = 391A3BCA1EB7E5D600A4999F /* Main.storyboard */; };
		391A3BD31EB7E5EC00A4999F /* ChatRepository.swift in Sources */ = {isa = PBXBuildFile; fileRef = 391A3BCF1EB7E5EC00A4999F /* ChatRepository.swift */; };
		391A3BD41EB7E5EC00A4999F /* ChatRepositoryFactory.swift in Sources */ = {isa = PBXBuildFile; fileRef = 391A3BD01EB7E5EC00A4999F /* ChatRepositoryFactory.swift */; };
		391A3BD51EB7E5EC00A4999F /* ChatUtils.swift in Sources */ = {isa = PBXBuildFile; fileRef = 391A3BD11EB7E5EC00A4999F /* ChatUtils.swift */; };
		391A3BD61EB7E5EC00A4999F /* TextEntry.swift in Sources */ = {isa = PBXBuildFile; fileRef = 391A3BD21EB7E5EC00A4999F /* TextEntry.swift */; };
		391A3BDB1EB7E5F800A4999F /* AblyChatRepository.swift in Sources */ = {isa = PBXBuildFile; fileRef = 391A3BD81EB7E5F800A4999F /* AblyChatRepository.swift */; };
		391A3BDC1EB7E5F800A4999F /* FirebaseChatRepository.swift in Sources */ = {isa = PBXBuildFile; fileRef = 391A3BD91EB7E5F800A4999F /* FirebaseChatRepository.swift */; };
		391A3BDD1EB7E5F800A4999F /* PubnubChatRepository.swift in Sources */ = {isa = PBXBuildFile; fileRef = 391A3BDA1EB7E5F800A4999F /* PubnubChatRepository.swift */; };
		399A40991EDA3AD0005E1892 /* ViewController.swift in Sources */ = {isa = PBXBuildFile; fileRef = 391A3BBE1EB7E5BB00A4999F /* ViewController.swift */; };
		399A409A1EDA3AD0005E1892 /* PubnubChatRepository.swift in Sources */ = {isa = PBXBuildFile; fileRef = 391A3BDA1EB7E5F800A4999F /* PubnubChatRepository.swift */; };
		399A409B1EDA3AD0005E1892 /* ChatRepository.swift in Sources */ = {isa = PBXBuildFile; fileRef = 391A3BCF1EB7E5EC00A4999F /* ChatRepository.swift */; };
		399A409C1EDA3AD0005E1892 /* ChatRepositoryFactory.swift in Sources */ = {isa = PBXBuildFile; fileRef = 391A3BD01EB7E5EC00A4999F /* ChatRepositoryFactory.swift */; };
		399A409D1EDA3AD0005E1892 /* ChatUtils.swift in Sources */ = {isa = PBXBuildFile; fileRef = 391A3BD11EB7E5EC00A4999F /* ChatUtils.swift */; };
		399A409E1EDA3AD0005E1892 /* LightStreamerChatRepository.swift in Sources */ = {isa = PBXBuildFile; fileRef = 39A66B1C1EC79C2B009B24BB /* LightStreamerChatRepository.swift */; };
		399A409F1EDA3AD0005E1892 /* TextEntry.swift in Sources */ = {isa = PBXBuildFile; fileRef = 391A3BD21EB7E5EC00A4999F /* TextEntry.swift */; };
		399A40A01EDA3AD0005E1892 /* AblyChatRepository.swift in Sources */ = {isa = PBXBuildFile; fileRef = 391A3BD81EB7E5F800A4999F /* AblyChatRepository.swift */; };
		399A40A11EDA3AD0005E1892 /* JsonFileReader.swift in Sources */ = {isa = PBXBuildFile; fileRef = 391A3BBB1EB7E5BB00A4999F /* JsonFileReader.swift */; };
		399A40A21EDA3AD0005E1892 /* TextEntryCell.swift in Sources */ = {isa = PBXBuildFile; fileRef = 391A3BBC1EB7E5BB00A4999F /* TextEntryCell.swift */; };
		399A40A31EDA3AD0005E1892 /* AppDelegate.swift in Sources */ = {isa = PBXBuildFile; fileRef = 391A3BB61EB7E5BB00A4999F /* AppDelegate.swift */; };
		399A40A51EDA3AD0005E1892 /* TextViewController.swift in Sources */ = {isa = PBXBuildFile; fileRef = 391A3BBD1EB7E5BB00A4999F /* TextViewController.swift */; };
		399A40A61EDA3AD0005E1892 /* FirebaseChatRepository.swift in Sources */ = {isa = PBXBuildFile; fileRef = 391A3BD91EB7E5F800A4999F /* FirebaseChatRepository.swift */; };
		399A40A81EDA3AD0005E1892 /* Pods_DemoPubnub.framework in Frameworks */ = {isa = PBXBuildFile; fileRef = 24DE8073B1220B6353599FC4 /* Pods_DemoPubnub.framework */; };
		399A40AA1EDA3AD0005E1892 /* Info.plist in Resources */ = {isa = PBXBuildFile; fileRef = 391A3BBA1EB7E5BB00A4999F /* Info.plist */; };
		399A40AB1EDA3AD0005E1892 /* Main.storyboard in Resources */ = {isa = PBXBuildFile; fileRef = 391A3BCA1EB7E5D600A4999F /* Main.storyboard */; };
		399A40AC1EDA3AD0005E1892 /* LaunchScreen.storyboard in Resources */ = {isa = PBXBuildFile; fileRef = 391A3BC81EB7E5D600A4999F /* LaunchScreen.storyboard */; };
		399A40AD1EDA3AD0005E1892 /* Assets.xcassets in Resources */ = {isa = PBXBuildFile; fileRef = 391A3BB71EB7E5BB00A4999F /* Assets.xcassets */; };
		399A40AE1EDA3AD0005E1892 /* GoogleService-Info.plist in Resources */ = {isa = PBXBuildFile; fileRef = 391A3BB91EB7E5BB00A4999F /* GoogleService-Info.plist */; };
		399A40B61EDA3BAB005E1892 /* ChatInjection.swift in Sources */ = {isa = PBXBuildFile; fileRef = 3960F7D21ECBBC9A0044996F /* ChatInjection.swift */; };
		39A66B1D1EC79C2B009B24BB /* LightStreamerChatRepository.swift in Sources */ = {isa = PBXBuildFile; fileRef = 39A66B1C1EC79C2B009B24BB /* LightStreamerChatRepository.swift */; };
		39AA2D941EF0A89100B01384 /* RabbitMQChatRepository.swift in Sources */ = {isa = PBXBuildFile; fileRef = 39AA2D931EF0A89100B01384 /* RabbitMQChatRepository.swift */; };
		39AA2D951EF0A89100B01384 /* RabbitMQChatRepository.swift in Sources */ = {isa = PBXBuildFile; fileRef = 39AA2D931EF0A89100B01384 /* RabbitMQChatRepository.swift */; };
		39AA2D961EF0A89100B01384 /* RabbitMQChatRepository.swift in Sources */ = {isa = PBXBuildFile; fileRef = 39AA2D931EF0A89100B01384 /* RabbitMQChatRepository.swift */; };
		39AA2D971EF0A89100B01384 /* RabbitMQChatRepository.swift in Sources */ = {isa = PBXBuildFile; fileRef = 39AA2D931EF0A89100B01384 /* RabbitMQChatRepository.swift */; };
		39AA2D981EF0A89100B01384 /* RabbitMQChatRepository.swift in Sources */ = {isa = PBXBuildFile; fileRef = 39AA2D931EF0A89100B01384 /* RabbitMQChatRepository.swift */; };
		39AA2D9C1EF0AD6600B01384 /* ViewController.swift in Sources */ = {isa = PBXBuildFile; fileRef = 391A3BBE1EB7E5BB00A4999F /* ViewController.swift */; };
		39AA2D9D1EF0AD6600B01384 /* PubnubChatRepository.swift in Sources */ = {isa = PBXBuildFile; fileRef = 391A3BDA1EB7E5F800A4999F /* PubnubChatRepository.swift */; };
		39AA2D9E1EF0AD6600B01384 /* ChatRepository.swift in Sources */ = {isa = PBXBuildFile; fileRef = 391A3BCF1EB7E5EC00A4999F /* ChatRepository.swift */; };
		39AA2D9F1EF0AD6600B01384 /* ChatRepositoryFactory.swift in Sources */ = {isa = PBXBuildFile; fileRef = 391A3BD01EB7E5EC00A4999F /* ChatRepositoryFactory.swift */; };
		39AA2DA01EF0AD6600B01384 /* ChatInjection.swift in Sources */ = {isa = PBXBuildFile; fileRef = 3960F7D21ECBBC9A0044996F /* ChatInjection.swift */; };
		39AA2DA11EF0AD6600B01384 /* ChatUtils.swift in Sources */ = {isa = PBXBuildFile; fileRef = 391A3BD11EB7E5EC00A4999F /* ChatUtils.swift */; };
		39AA2DA21EF0AD6600B01384 /* LightStreamerChatRepository.swift in Sources */ = {isa = PBXBuildFile; fileRef = 39A66B1C1EC79C2B009B24BB /* LightStreamerChatRepository.swift */; };
		39AA2DA31EF0AD6600B01384 /* TextEntry.swift in Sources */ = {isa = PBXBuildFile; fileRef = 391A3BD21EB7E5EC00A4999F /* TextEntry.swift */; };
		39AA2DA41EF0AD6600B01384 /* AblyChatRepository.swift in Sources */ = {isa = PBXBuildFile; fileRef = 391A3BD81EB7E5F800A4999F /* AblyChatRepository.swift */; };
		39AA2DA51EF0AD6600B01384 /* JsonFileReader.swift in Sources */ = {isa = PBXBuildFile; fileRef = 391A3BBB1EB7E5BB00A4999F /* JsonFileReader.swift */; };
		39AA2DA61EF0AD6600B01384 /* RabbitMQChatRepository.swift in Sources */ = {isa = PBXBuildFile; fileRef = 39AA2D931EF0A89100B01384 /* RabbitMQChatRepository.swift */; };
		39AA2DA71EF0AD6600B01384 /* TextEntryCell.swift in Sources */ = {isa = PBXBuildFile; fileRef = 391A3BBC1EB7E5BB00A4999F /* TextEntryCell.swift */; };
		39AA2DA81EF0AD6600B01384 /* AppDelegate.swift in Sources */ = {isa = PBXBuildFile; fileRef = 391A3BB61EB7E5BB00A4999F /* AppDelegate.swift */; };
		39AA2DA91EF0AD6600B01384 /* TextViewController.swift in Sources */ = {isa = PBXBuildFile; fileRef = 391A3BBD1EB7E5BB00A4999F /* TextViewController.swift */; };
		39AA2DAA1EF0AD6600B01384 /* FirebaseChatRepository.swift in Sources */ = {isa = PBXBuildFile; fileRef = 391A3BD91EB7E5F800A4999F /* FirebaseChatRepository.swift */; };
		39AA2DAC1EF0AD6600B01384 /* Pods_DemoPubnub.framework in Frameworks */ = {isa = PBXBuildFile; fileRef = 24DE8073B1220B6353599FC4 /* Pods_DemoPubnub.framework */; };
		39AA2DAE1EF0AD6600B01384 /* Info.plist in Resources */ = {isa = PBXBuildFile; fileRef = 391A3BBA1EB7E5BB00A4999F /* Info.plist */; };
		39AA2DAF1EF0AD6600B01384 /* Main.storyboard in Resources */ = {isa = PBXBuildFile; fileRef = 391A3BCA1EB7E5D600A4999F /* Main.storyboard */; };
		39AA2DB01EF0AD6600B01384 /* LaunchScreen.storyboard in Resources */ = {isa = PBXBuildFile; fileRef = 391A3BC81EB7E5D600A4999F /* LaunchScreen.storyboard */; };
		39AA2DB11EF0AD6600B01384 /* Assets.xcassets in Resources */ = {isa = PBXBuildFile; fileRef = 391A3BB71EB7E5BB00A4999F /* Assets.xcassets */; };
		39AA2DB21EF0AD6600B01384 /* GoogleService-Info.plist in Resources */ = {isa = PBXBuildFile; fileRef = 391A3BB91EB7E5BB00A4999F /* GoogleService-Info.plist */; };
		39D2B7811ED069F50090936D /* ViewController.swift in Sources */ = {isa = PBXBuildFile; fileRef = 391A3BBE1EB7E5BB00A4999F /* ViewController.swift */; };
		39D2B7831ED069F50090936D /* PubnubChatRepository.swift in Sources */ = {isa = PBXBuildFile; fileRef = 391A3BDA1EB7E5F800A4999F /* PubnubChatRepository.swift */; };
		39D2B7841ED069F50090936D /* ChatRepository.swift in Sources */ = {isa = PBXBuildFile; fileRef = 391A3BCF1EB7E5EC00A4999F /* ChatRepository.swift */; };
		39D2B7851ED069F50090936D /* ChatRepositoryFactory.swift in Sources */ = {isa = PBXBuildFile; fileRef = 391A3BD01EB7E5EC00A4999F /* ChatRepositoryFactory.swift */; };
		39D2B7861ED069F50090936D /* ChatUtils.swift in Sources */ = {isa = PBXBuildFile; fileRef = 391A3BD11EB7E5EC00A4999F /* ChatUtils.swift */; };
		39D2B7871ED069F50090936D /* LightStreamerChatRepository.swift in Sources */ = {isa = PBXBuildFile; fileRef = 39A66B1C1EC79C2B009B24BB /* LightStreamerChatRepository.swift */; };
		39D2B7881ED069F50090936D /* TextEntry.swift in Sources */ = {isa = PBXBuildFile; fileRef = 391A3BD21EB7E5EC00A4999F /* TextEntry.swift */; };
		39D2B7891ED069F50090936D /* AblyChatRepository.swift in Sources */ = {isa = PBXBuildFile; fileRef = 391A3BD81EB7E5F800A4999F /* AblyChatRepository.swift */; };
		39D2B78A1ED069F50090936D /* JsonFileReader.swift in Sources */ = {isa = PBXBuildFile; fileRef = 391A3BBB1EB7E5BB00A4999F /* JsonFileReader.swift */; };
		39D2B78B1ED069F50090936D /* TextEntryCell.swift in Sources */ = {isa = PBXBuildFile; fileRef = 391A3BBC1EB7E5BB00A4999F /* TextEntryCell.swift */; };
		39D2B78C1ED069F50090936D /* AppDelegate.swift in Sources */ = {isa = PBXBuildFile; fileRef = 391A3BB61EB7E5BB00A4999F /* AppDelegate.swift */; };
		39D2B78D1ED069F50090936D /* TextViewController.swift in Sources */ = {isa = PBXBuildFile; fileRef = 391A3BBD1EB7E5BB00A4999F /* TextViewController.swift */; };
		39D2B78E1ED069F50090936D /* FirebaseChatRepository.swift in Sources */ = {isa = PBXBuildFile; fileRef = 391A3BD91EB7E5F800A4999F /* FirebaseChatRepository.swift */; };
		39D2B7901ED069F50090936D /* Pods_ChatDemos.framework in Frameworks */ = {isa = PBXBuildFile; fileRef = B767034A223EA47D70F9408B /* Pods_ChatDemos.framework */; };
		39D2B7911ED069F50090936D /* Pods_ChatDemos.framework in Frameworks */ = {isa = PBXBuildFile; fileRef = B767034A223EA47D70F9408B /* Pods_ChatDemos.framework */; };
		39D2B7931ED069F50090936D /* Info.plist in Resources */ = {isa = PBXBuildFile; fileRef = 391A3BBA1EB7E5BB00A4999F /* Info.plist */; };
		39D2B7941ED069F50090936D /* Main.storyboard in Resources */ = {isa = PBXBuildFile; fileRef = 391A3BCA1EB7E5D600A4999F /* Main.storyboard */; };
		39D2B7951ED069F50090936D /* LaunchScreen.storyboard in Resources */ = {isa = PBXBuildFile; fileRef = 391A3BC81EB7E5D600A4999F /* LaunchScreen.storyboard */; };
		39D2B7961ED069F50090936D /* Assets.xcassets in Resources */ = {isa = PBXBuildFile; fileRef = 391A3BB71EB7E5BB00A4999F /* Assets.xcassets */; };
		39D2B7971ED069F50090936D /* GoogleService-Info.plist in Resources */ = {isa = PBXBuildFile; fileRef = 391A3BB91EB7E5BB00A4999F /* GoogleService-Info.plist */; };
		39D2B79F1ED070EF0090936D /* ChatInjection.swift in Sources */ = {isa = PBXBuildFile; fileRef = 3960F7CC1ECBBBF40044996F /* ChatInjection.swift */; };
		39D2B7A01ED071060090936D /* ChatInjection.swift in Sources */ = {isa = PBXBuildFile; fileRef = 3960F7CC1ECBBBF40044996F /* ChatInjection.swift */; };
		39D2B7A41ED07BB80090936D /* ViewController.swift in Sources */ = {isa = PBXBuildFile; fileRef = 391A3BBE1EB7E5BB00A4999F /* ViewController.swift */; };
		39D2B7A51ED07BB80090936D /* PubnubChatRepository.swift in Sources */ = {isa = PBXBuildFile; fileRef = 391A3BDA1EB7E5F800A4999F /* PubnubChatRepository.swift */; };
		39D2B7A61ED07BB80090936D /* ChatRepository.swift in Sources */ = {isa = PBXBuildFile; fileRef = 391A3BCF1EB7E5EC00A4999F /* ChatRepository.swift */; };
		39D2B7A81ED07BB80090936D /* ChatRepositoryFactory.swift in Sources */ = {isa = PBXBuildFile; fileRef = 391A3BD01EB7E5EC00A4999F /* ChatRepositoryFactory.swift */; };
		39D2B7A91ED07BB80090936D /* ChatUtils.swift in Sources */ = {isa = PBXBuildFile; fileRef = 391A3BD11EB7E5EC00A4999F /* ChatUtils.swift */; };
		39D2B7AA1ED07BB80090936D /* LightStreamerChatRepository.swift in Sources */ = {isa = PBXBuildFile; fileRef = 39A66B1C1EC79C2B009B24BB /* LightStreamerChatRepository.swift */; };
		39D2B7AB1ED07BB80090936D /* TextEntry.swift in Sources */ = {isa = PBXBuildFile; fileRef = 391A3BD21EB7E5EC00A4999F /* TextEntry.swift */; };
		39D2B7AC1ED07BB80090936D /* AblyChatRepository.swift in Sources */ = {isa = PBXBuildFile; fileRef = 391A3BD81EB7E5F800A4999F /* AblyChatRepository.swift */; };
		39D2B7AD1ED07BB80090936D /* JsonFileReader.swift in Sources */ = {isa = PBXBuildFile; fileRef = 391A3BBB1EB7E5BB00A4999F /* JsonFileReader.swift */; };
		39D2B7AE1ED07BB80090936D /* TextEntryCell.swift in Sources */ = {isa = PBXBuildFile; fileRef = 391A3BBC1EB7E5BB00A4999F /* TextEntryCell.swift */; };
		39D2B7AF1ED07BB80090936D /* AppDelegate.swift in Sources */ = {isa = PBXBuildFile; fileRef = 391A3BB61EB7E5BB00A4999F /* AppDelegate.swift */; };
		39D2B7B01ED07BB80090936D /* TextViewController.swift in Sources */ = {isa = PBXBuildFile; fileRef = 391A3BBD1EB7E5BB00A4999F /* TextViewController.swift */; };
		39D2B7B11ED07BB80090936D /* FirebaseChatRepository.swift in Sources */ = {isa = PBXBuildFile; fileRef = 391A3BD91EB7E5F800A4999F /* FirebaseChatRepository.swift */; };
		39D2B7B71ED07BB80090936D /* Info.plist in Resources */ = {isa = PBXBuildFile; fileRef = 391A3BBA1EB7E5BB00A4999F /* Info.plist */; };
		39D2B7B81ED07BB80090936D /* Main.storyboard in Resources */ = {isa = PBXBuildFile; fileRef = 391A3BCA1EB7E5D600A4999F /* Main.storyboard */; };
		39D2B7B91ED07BB80090936D /* LaunchScreen.storyboard in Resources */ = {isa = PBXBuildFile; fileRef = 391A3BC81EB7E5D600A4999F /* LaunchScreen.storyboard */; };
		39D2B7BA1ED07BB80090936D /* Assets.xcassets in Resources */ = {isa = PBXBuildFile; fileRef = 391A3BB71EB7E5BB00A4999F /* Assets.xcassets */; };
		39D2B7BB1ED07BB80090936D /* GoogleService-Info.plist in Resources */ = {isa = PBXBuildFile; fileRef = 391A3BB91EB7E5BB00A4999F /* GoogleService-Info.plist */; };
		39D2B7C31ED07BDD0090936D /* ChatInjection.swift in Sources */ = {isa = PBXBuildFile; fileRef = 3960F7CE1ECBBC5A0044996F /* ChatInjection.swift */; };
		39D2B7C71ED080EE0090936D /* ViewController.swift in Sources */ = {isa = PBXBuildFile; fileRef = 391A3BBE1EB7E5BB00A4999F /* ViewController.swift */; };
		39D2B7C81ED080EE0090936D /* PubnubChatRepository.swift in Sources */ = {isa = PBXBuildFile; fileRef = 391A3BDA1EB7E5F800A4999F /* PubnubChatRepository.swift */; };
		39D2B7C91ED080EE0090936D /* ChatRepository.swift in Sources */ = {isa = PBXBuildFile; fileRef = 391A3BCF1EB7E5EC00A4999F /* ChatRepository.swift */; };
		39D2B7CB1ED080EE0090936D /* ChatRepositoryFactory.swift in Sources */ = {isa = PBXBuildFile; fileRef = 391A3BD01EB7E5EC00A4999F /* ChatRepositoryFactory.swift */; };
		39D2B7CC1ED080EE0090936D /* ChatUtils.swift in Sources */ = {isa = PBXBuildFile; fileRef = 391A3BD11EB7E5EC00A4999F /* ChatUtils.swift */; };
		39D2B7CD1ED080EE0090936D /* LightStreamerChatRepository.swift in Sources */ = {isa = PBXBuildFile; fileRef = 39A66B1C1EC79C2B009B24BB /* LightStreamerChatRepository.swift */; };
		39D2B7CE1ED080EE0090936D /* TextEntry.swift in Sources */ = {isa = PBXBuildFile; fileRef = 391A3BD21EB7E5EC00A4999F /* TextEntry.swift */; };
		39D2B7CF1ED080EE0090936D /* AblyChatRepository.swift in Sources */ = {isa = PBXBuildFile; fileRef = 391A3BD81EB7E5F800A4999F /* AblyChatRepository.swift */; };
		39D2B7D01ED080EE0090936D /* JsonFileReader.swift in Sources */ = {isa = PBXBuildFile; fileRef = 391A3BBB1EB7E5BB00A4999F /* JsonFileReader.swift */; };
		39D2B7D11ED080EE0090936D /* TextEntryCell.swift in Sources */ = {isa = PBXBuildFile; fileRef = 391A3BBC1EB7E5BB00A4999F /* TextEntryCell.swift */; };
		39D2B7D21ED080EE0090936D /* AppDelegate.swift in Sources */ = {isa = PBXBuildFile; fileRef = 391A3BB61EB7E5BB00A4999F /* AppDelegate.swift */; };
		39D2B7D31ED080EE0090936D /* TextViewController.swift in Sources */ = {isa = PBXBuildFile; fileRef = 391A3BBD1EB7E5BB00A4999F /* TextViewController.swift */; };
		39D2B7D41ED080EE0090936D /* FirebaseChatRepository.swift in Sources */ = {isa = PBXBuildFile; fileRef = 391A3BD91EB7E5F800A4999F /* FirebaseChatRepository.swift */; };
		39D2B7DA1ED080EE0090936D /* Info.plist in Resources */ = {isa = PBXBuildFile; fileRef = 391A3BBA1EB7E5BB00A4999F /* Info.plist */; };
		39D2B7DB1ED080EE0090936D /* Main.storyboard in Resources */ = {isa = PBXBuildFile; fileRef = 391A3BCA1EB7E5D600A4999F /* Main.storyboard */; };
		39D2B7DC1ED080EE0090936D /* LaunchScreen.storyboard in Resources */ = {isa = PBXBuildFile; fileRef = 391A3BC81EB7E5D600A4999F /* LaunchScreen.storyboard */; };
		39D2B7DD1ED080EE0090936D /* Assets.xcassets in Resources */ = {isa = PBXBuildFile; fileRef = 391A3BB71EB7E5BB00A4999F /* Assets.xcassets */; };
		39D2B7DE1ED080EE0090936D /* GoogleService-Info.plist in Resources */ = {isa = PBXBuildFile; fileRef = 391A3BB91EB7E5BB00A4999F /* GoogleService-Info.plist */; };
		39D2B7E61ED082570090936D /* ChatInjection.swift in Sources */ = {isa = PBXBuildFile; fileRef = 3960F7D01ECBBC8A0044996F /* ChatInjection.swift */; };
		729A8DAA8C07FD29629D6882 /* Pods_DemoRabbitMQ.framework in Frameworks */ = {isa = PBXBuildFile; fileRef = 209C12957B7A904826ECDFED /* Pods_DemoRabbitMQ.framework */; };
		9A3DAEB00923BEEAFF6EF101 /* Pods_DemoPubnub.framework in Frameworks */ = {isa = PBXBuildFile; fileRef = 24DE8073B1220B6353599FC4 /* Pods_DemoPubnub.framework */; };
		B2B0B561A00110F08E04E21F /* Pods_ChatDemos.framework in Frameworks */ = {isa = PBXBuildFile; fileRef = B767034A223EA47D70F9408B /* Pods_ChatDemos.framework */; };
		CCAEB85BD9546EC4C8F0470D /* Pods_ChatDemos.framework in Frameworks */ = {isa = PBXBuildFile; fileRef = B767034A223EA47D70F9408B /* Pods_ChatDemos.framework */; };
		DBD55BAEC1EDC10AC9E2BDDE /* Pods_DemoFirebase.framework in Frameworks */ = {isa = PBXBuildFile; fileRef = 2875795F08811D2B9AA9033B /* Pods_DemoFirebase.framework */; };
		DE395019B0432C2D36F71CE9 /* Pods_DemoLightstreamer.framework in Frameworks */ = {isa = PBXBuildFile; fileRef = D3AD70F353F51E1EABC3B6BF /* Pods_DemoLightstreamer.framework */; };
/* End PBXBuildFile section */

/* Begin PBXFileReference section */
		209C12957B7A904826ECDFED /* Pods_DemoRabbitMQ.framework */ = {isa = PBXFileReference; explicitFileType = wrapper.framework; includeInIndex = 0; path = Pods_DemoRabbitMQ.framework; sourceTree = BUILT_PRODUCTS_DIR; };
		24DE8073B1220B6353599FC4 /* Pods_DemoPubnub.framework */ = {isa = PBXFileReference; explicitFileType = wrapper.framework; includeInIndex = 0; path = Pods_DemoPubnub.framework; sourceTree = BUILT_PRODUCTS_DIR; };
		2549A801357315B8BB4E5D62 /* Pods_ChatDemos_Ably.framework */ = {isa = PBXFileReference; explicitFileType = wrapper.framework; includeInIndex = 0; path = Pods_ChatDemos_Ably.framework; sourceTree = BUILT_PRODUCTS_DIR; };
		2875795F08811D2B9AA9033B /* Pods_DemoFirebase.framework */ = {isa = PBXFileReference; explicitFileType = wrapper.framework; includeInIndex = 0; path = Pods_DemoFirebase.framework; sourceTree = BUILT_PRODUCTS_DIR; };
		391A3BB61EB7E5BB00A4999F /* AppDelegate.swift */ = {isa = PBXFileReference; fileEncoding = 4; lastKnownFileType = sourcecode.swift; name = AppDelegate.swift; path = ChatDemos/AppDelegate.swift; sourceTree = SOURCE_ROOT; };
		391A3BB71EB7E5BB00A4999F /* Assets.xcassets */ = {isa = PBXFileReference; lastKnownFileType = folder.assetcatalog; name = Assets.xcassets; path = ChatDemos/Assets.xcassets; sourceTree = SOURCE_ROOT; };
		391A3BB91EB7E5BB00A4999F /* GoogleService-Info.plist */ = {isa = PBXFileReference; fileEncoding = 4; lastKnownFileType = text.plist.xml; name = "GoogleService-Info.plist"; path = "ChatDemos/GoogleService-Info.plist"; sourceTree = SOURCE_ROOT; };
		391A3BBA1EB7E5BB00A4999F /* Info.plist */ = {isa = PBXFileReference; fileEncoding = 4; lastKnownFileType = text.plist.xml; name = Info.plist; path = ChatDemos/Info.plist; sourceTree = SOURCE_ROOT; };
		391A3BBB1EB7E5BB00A4999F /* JsonFileReader.swift */ = {isa = PBXFileReference; fileEncoding = 4; lastKnownFileType = sourcecode.swift; name = JsonFileReader.swift; path = ChatDemos/JsonFileReader.swift; sourceTree = SOURCE_ROOT; };
		391A3BBC1EB7E5BB00A4999F /* TextEntryCell.swift */ = {isa = PBXFileReference; fileEncoding = 4; lastKnownFileType = sourcecode.swift; name = TextEntryCell.swift; path = ChatDemos/TextEntryCell.swift; sourceTree = SOURCE_ROOT; };
		391A3BBD1EB7E5BB00A4999F /* TextViewController.swift */ = {isa = PBXFileReference; fileEncoding = 4; lastKnownFileType = sourcecode.swift; name = TextViewController.swift; path = ChatDemos/TextViewController.swift; sourceTree = SOURCE_ROOT; };
		391A3BBE1EB7E5BB00A4999F /* ViewController.swift */ = {isa = PBXFileReference; fileEncoding = 4; lastKnownFileType = sourcecode.swift; name = ViewController.swift; path = ChatDemos/ViewController.swift; sourceTree = SOURCE_ROOT; };
		391A3BC91EB7E5D600A4999F /* Base */ = {isa = PBXFileReference; lastKnownFileType = file.storyboard; name = Base; path = ChatDemos/Base.lproj/LaunchScreen.storyboard; sourceTree = SOURCE_ROOT; };
		391A3BCB1EB7E5D600A4999F /* Base */ = {isa = PBXFileReference; lastKnownFileType = file.storyboard; name = Base; path = ChatDemos/Base.lproj/Main.storyboard; sourceTree = SOURCE_ROOT; };
		391A3BCF1EB7E5EC00A4999F /* ChatRepository.swift */ = {isa = PBXFileReference; fileEncoding = 4; lastKnownFileType = sourcecode.swift; name = ChatRepository.swift; path = ChatDemos/Data/ChatRepository.swift; sourceTree = SOURCE_ROOT; };
		391A3BD01EB7E5EC00A4999F /* ChatRepositoryFactory.swift */ = {isa = PBXFileReference; fileEncoding = 4; lastKnownFileType = sourcecode.swift; name = ChatRepositoryFactory.swift; path = ChatDemos/Data/ChatRepositoryFactory.swift; sourceTree = SOURCE_ROOT; };
		391A3BD11EB7E5EC00A4999F /* ChatUtils.swift */ = {isa = PBXFileReference; fileEncoding = 4; lastKnownFileType = sourcecode.swift; name = ChatUtils.swift; path = ChatDemos/Data/ChatUtils.swift; sourceTree = SOURCE_ROOT; };
		391A3BD21EB7E5EC00A4999F /* TextEntry.swift */ = {isa = PBXFileReference; fileEncoding = 4; lastKnownFileType = sourcecode.swift; name = TextEntry.swift; path = ChatDemos/Data/TextEntry.swift; sourceTree = SOURCE_ROOT; };
		391A3BD81EB7E5F800A4999F /* AblyChatRepository.swift */ = {isa = PBXFileReference; fileEncoding = 4; lastKnownFileType = sourcecode.swift; name = AblyChatRepository.swift; path = ChatDemos/Data/Impl/AblyChatRepository.swift; sourceTree = SOURCE_ROOT; };
		391A3BD91EB7E5F800A4999F /* FirebaseChatRepository.swift */ = {isa = PBXFileReference; fileEncoding = 4; lastKnownFileType = sourcecode.swift; name = FirebaseChatRepository.swift; path = ChatDemos/Data/Impl/FirebaseChatRepository.swift; sourceTree = SOURCE_ROOT; };
		391A3BDA1EB7E5F800A4999F /* PubnubChatRepository.swift */ = {isa = PBXFileReference; fileEncoding = 4; lastKnownFileType = sourcecode.swift; name = PubnubChatRepository.swift; path = ChatDemos/Data/Impl/PubnubChatRepository.swift; sourceTree = SOURCE_ROOT; };
		3960F7CC1ECBBBF40044996F /* ChatInjection.swift */ = {isa = PBXFileReference; fileEncoding = 4; lastKnownFileType = sourcecode.swift; name = ChatInjection.swift; path = ChatDemos/Targets/Firebase/ChatInjection.swift; sourceTree = SOURCE_ROOT; };
		3960F7CE1ECBBC5A0044996F /* ChatInjection.swift */ = {isa = PBXFileReference; fileEncoding = 4; lastKnownFileType = sourcecode.swift; name = ChatInjection.swift; path = ChatDemos/Targets/Ably/ChatInjection.swift; sourceTree = SOURCE_ROOT; };
		3960F7D01ECBBC8A0044996F /* ChatInjection.swift */ = {isa = PBXFileReference; fileEncoding = 4; lastKnownFileType = sourcecode.swift; name = ChatInjection.swift; path = ChatDemos/Targets/Lightstreamer/ChatInjection.swift; sourceTree = SOURCE_ROOT; };
		3960F7D21ECBBC9A0044996F /* ChatInjection.swift */ = {isa = PBXFileReference; fileEncoding = 4; lastKnownFileType = sourcecode.swift; name = ChatInjection.swift; path = ChatDemos/Targets/Pubnub/ChatInjection.swift; sourceTree = SOURCE_ROOT; };
		3960F8631ECBBE190044996F /* Info.plist */ = {isa = PBXFileReference; fileEncoding = 4; lastKnownFileType = text.plist.xml; name = Info.plist; path = ChatDemos/Targets/Firebase/Info.plist; sourceTree = SOURCE_ROOT; };
		3960F8651ECBBE220044996F /* Info.plist */ = {isa = PBXFileReference; fileEncoding = 4; lastKnownFileType = text.plist.xml; name = Info.plist; path = ChatDemos/Targets/Ably/Info.plist; sourceTree = SOURCE_ROOT; };
		3960F8671ECBBE2F0044996F /* Info.plist */ = {isa = PBXFileReference; fileEncoding = 4; lastKnownFileType = text.plist.xml; name = Info.plist; path = ChatDemos/Targets/Pubnub/Info.plist; sourceTree = SOURCE_ROOT; };
		3960F8691ECBBE3C0044996F /* Info.plist */ = {isa = PBXFileReference; fileEncoding = 4; lastKnownFileType = text.plist.xml; name = Info.plist; path = ChatDemos/Targets/Lightstreamer/Info.plist; sourceTree = SOURCE_ROOT; };
		399A40B41EDA3AD0005E1892 /* DemoLightstreamer.app */ = {isa = PBXFileReference; explicitFileType = wrapper.application; includeInIndex = 0; path = DemoLightstreamer.app; sourceTree = BUILT_PRODUCTS_DIR; };
		39A66B1C1EC79C2B009B24BB /* LightStreamerChatRepository.swift */ = {isa = PBXFileReference; fileEncoding = 4; lastKnownFileType = sourcecode.swift; name = LightStreamerChatRepository.swift; path = ChatDemos/Data/Impl/LightStreamerChatRepository.swift; sourceTree = SOURCE_ROOT; };
		39AA2D931EF0A89100B01384 /* RabbitMQChatRepository.swift */ = {isa = PBXFileReference; fileEncoding = 4; lastKnownFileType = sourcecode.swift; name = RabbitMQChatRepository.swift; path = ChatDemos/Data/Impl/RabbitMQChatRepository.swift; sourceTree = SOURCE_ROOT; };
		39AA2DB81EF0AD6600B01384 /* DemoRabbitMQ.app */ = {isa = PBXFileReference; explicitFileType = wrapper.application; includeInIndex = 0; path = DemoRabbitMQ.app; sourceTree = BUILT_PRODUCTS_DIR; };
		39AA2DB91EF0AD6600B01384 /* DemoLightstreamer copy-Info.plist */ = {isa = PBXFileReference; lastKnownFileType = text.plist.xml; name = "DemoLightstreamer copy-Info.plist"; path = "/Users/brunoaybar/Documents/Development/Personal/iOS/demo/Communication-Demo-iOS/DemoLightstreamer copy-Info.plist"; sourceTree = "<absolute>"; };
		39D2B79D1ED069F50090936D /* DemoFirebase.app */ = {isa = PBXFileReference; explicitFileType = wrapper.application; includeInIndex = 0; path = DemoFirebase.app; sourceTree = BUILT_PRODUCTS_DIR; };
		39D2B7C11ED07BB80090936D /* DemoAbly.app */ = {isa = PBXFileReference; explicitFileType = wrapper.application; includeInIndex = 0; path = DemoAbly.app; sourceTree = BUILT_PRODUCTS_DIR; };
		39D2B7E41ED080EE0090936D /* DemoPubnub.app */ = {isa = PBXFileReference; explicitFileType = wrapper.application; includeInIndex = 0; path = DemoPubnub.app; sourceTree = BUILT_PRODUCTS_DIR; };
		39EE25741ED21AE200464860 /* ChatDemos-Bridging-Header.h */ = {isa = PBXFileReference; fileEncoding = 4; lastKnownFileType = sourcecode.c.h; name = "ChatDemos-Bridging-Header.h"; path = "ChatDemos/ChatDemos-Bridging-Header.h"; sourceTree = SOURCE_ROOT; };
		39FD149C1EAC14C2008EBE66 /* ChatDemos.app */ = {isa = PBXFileReference; explicitFileType = wrapper.application; includeInIndex = 0; path = ChatDemos.app; sourceTree = BUILT_PRODUCTS_DIR; };
		3E571F8FD6BEF30C981D75B4 /* Pods-DemoLightstreamer.release.xcconfig */ = {isa = PBXFileReference; includeInIndex = 1; lastKnownFileType = text.xcconfig; name = "Pods-DemoLightstreamer.release.xcconfig"; path = "Pods/Target Support Files/Pods-DemoLightstreamer/Pods-DemoLightstreamer.release.xcconfig"; sourceTree = "<group>"; };
		3EBEEB0044F615B0FB19ADB5 /* Pods_ChatDemos_Firebase.framework */ = {isa = PBXFileReference; explicitFileType = wrapper.framework; includeInIndex = 0; path = Pods_ChatDemos_Firebase.framework; sourceTree = BUILT_PRODUCTS_DIR; };
		48E3277A961A392EA5BA5572 /* Pods-DemoFirebase.release.xcconfig */ = {isa = PBXFileReference; includeInIndex = 1; lastKnownFileType = text.xcconfig; name = "Pods-DemoFirebase.release.xcconfig"; path = "Pods/Target Support Files/Pods-DemoFirebase/Pods-DemoFirebase.release.xcconfig"; sourceTree = "<group>"; };
		4FC17D995D64E96BC07FB7AC /* Pods-ChatDemos.debug.xcconfig */ = {isa = PBXFileReference; includeInIndex = 1; lastKnownFileType = text.xcconfig; name = "Pods-ChatDemos.debug.xcconfig"; path = "Pods/Target Support Files/Pods-ChatDemos/Pods-ChatDemos.debug.xcconfig"; sourceTree = "<group>"; };
		50DB445FC518B76C074D0ADF /* Pods_Ably.framework */ = {isa = PBXFileReference; explicitFileType = wrapper.framework; includeInIndex = 0; path = Pods_Ably.framework; sourceTree = BUILT_PRODUCTS_DIR; };
		5686A3C9C369D4F5A989D5CF /* Pods_ChatDemos_Pubnub.framework */ = {isa = PBXFileReference; explicitFileType = wrapper.framework; includeInIndex = 0; path = Pods_ChatDemos_Pubnub.framework; sourceTree = BUILT_PRODUCTS_DIR; };
		5762BCE92810916D111DE126 /* Pods-DemoAbly.debug.xcconfig */ = {isa = PBXFileReference; includeInIndex = 1; lastKnownFileType = text.xcconfig; name = "Pods-DemoAbly.debug.xcconfig"; path = "Pods/Target Support Files/Pods-DemoAbly/Pods-DemoAbly.debug.xcconfig"; sourceTree = "<group>"; };
		5B03D386F09E05192917EADF /* Pods-DemoRabbitMQ.debug.xcconfig */ = {isa = PBXFileReference; includeInIndex = 1; lastKnownFileType = text.xcconfig; name = "Pods-DemoRabbitMQ.debug.xcconfig"; path = "Pods/Target Support Files/Pods-DemoRabbitMQ/Pods-DemoRabbitMQ.debug.xcconfig"; sourceTree = "<group>"; };
		70D5C5178ED3EE777F50CE33 /* Pods_ChatDemos_Lightstreamer.framework */ = {isa = PBXFileReference; explicitFileType = wrapper.framework; includeInIndex = 0; path = Pods_ChatDemos_Lightstreamer.framework; sourceTree = BUILT_PRODUCTS_DIR; };
		7AA945375EAC11DB3B2CE42B /* Pods-DemoRabbitMQ.release.xcconfig */ = {isa = PBXFileReference; includeInIndex = 1; lastKnownFileType = text.xcconfig; name = "Pods-DemoRabbitMQ.release.xcconfig"; path = "Pods/Target Support Files/Pods-DemoRabbitMQ/Pods-DemoRabbitMQ.release.xcconfig"; sourceTree = "<group>"; };
		7FF1D1AEAF68E389AA6B5FB2 /* Pods_Pubnub.framework */ = {isa = PBXFileReference; explicitFileType = wrapper.framework; includeInIndex = 0; path = Pods_Pubnub.framework; sourceTree = BUILT_PRODUCTS_DIR; };
		80B71273990CD9013473517B /* Pods_Firebase.framework */ = {isa = PBXFileReference; explicitFileType = wrapper.framework; includeInIndex = 0; path = Pods_Firebase.framework; sourceTree = BUILT_PRODUCTS_DIR; };
		9538784E09B9BE28CD2F910F /* Pods-DemoPubnub.release.xcconfig */ = {isa = PBXFileReference; includeInIndex = 1; lastKnownFileType = text.xcconfig; name = "Pods-DemoPubnub.release.xcconfig"; path = "Pods/Target Support Files/Pods-DemoPubnub/Pods-DemoPubnub.release.xcconfig"; sourceTree = "<group>"; };
		9E89C8FD9F785451029D09F9 /* Pods_DemoAbly.framework */ = {isa = PBXFileReference; explicitFileType = wrapper.framework; includeInIndex = 0; path = Pods_DemoAbly.framework; sourceTree = BUILT_PRODUCTS_DIR; };
		9F834249794F07AC7C00DAB7 /* Pods_AbblyDemo.framework */ = {isa = PBXFileReference; explicitFileType = wrapper.framework; includeInIndex = 0; path = Pods_AbblyDemo.framework; sourceTree = BUILT_PRODUCTS_DIR; };
		A0157DE7ACF78E481CAEE63B /* Pods-DemoAbly.release.xcconfig */ = {isa = PBXFileReference; includeInIndex = 1; lastKnownFileType = text.xcconfig; name = "Pods-DemoAbly.release.xcconfig"; path = "Pods/Target Support Files/Pods-DemoAbly/Pods-DemoAbly.release.xcconfig"; sourceTree = "<group>"; };
		B767034A223EA47D70F9408B /* Pods_ChatDemos.framework */ = {isa = PBXFileReference; explicitFileType = wrapper.framework; includeInIndex = 0; path = Pods_ChatDemos.framework; sourceTree = BUILT_PRODUCTS_DIR; };
		BF5D222AB9CD77368ECD87EA /* Pods-DemoFirebase.debug.xcconfig */ = {isa = PBXFileReference; includeInIndex = 1; lastKnownFileType = text.xcconfig; name = "Pods-DemoFirebase.debug.xcconfig"; path = "Pods/Target Support Files/Pods-DemoFirebase/Pods-DemoFirebase.debug.xcconfig"; sourceTree = "<group>"; };
		C90BE778093D94F145B4A086 /* Pods-DemoLightstreamer.debug.xcconfig */ = {isa = PBXFileReference; includeInIndex = 1; lastKnownFileType = text.xcconfig; name = "Pods-DemoLightstreamer.debug.xcconfig"; path = "Pods/Target Support Files/Pods-DemoLightstreamer/Pods-DemoLightstreamer.debug.xcconfig"; sourceTree = "<group>"; };
		CC4056955AE63B76D87CA197 /* Pods_Lightstreamer.framework */ = {isa = PBXFileReference; explicitFileType = wrapper.framework; includeInIndex = 0; path = Pods_Lightstreamer.framework; sourceTree = BUILT_PRODUCTS_DIR; };
		CD08B4E1FB6F27884487EEE7 /* Pods-DemoPubnub.debug.xcconfig */ = {isa = PBXFileReference; includeInIndex = 1; lastKnownFileType = text.xcconfig; name = "Pods-DemoPubnub.debug.xcconfig"; path = "Pods/Target Support Files/Pods-DemoPubnub/Pods-DemoPubnub.debug.xcconfig"; sourceTree = "<group>"; };
		D3AD70F353F51E1EABC3B6BF /* Pods_DemoLightstreamer.framework */ = {isa = PBXFileReference; explicitFileType = wrapper.framework; includeInIndex = 0; path = Pods_DemoLightstreamer.framework; sourceTree = BUILT_PRODUCTS_DIR; };
		E7E1C4D6A45003AD88758528 /* Pods-ChatDemos.release.xcconfig */ = {isa = PBXFileReference; includeInIndex = 1; lastKnownFileType = text.xcconfig; name = "Pods-ChatDemos.release.xcconfig"; path = "Pods/Target Support Files/Pods-ChatDemos/Pods-ChatDemos.release.xcconfig"; sourceTree = "<group>"; };
/* End PBXFileReference section */

/* Begin PBXFrameworksBuildPhase section */
		399A40A71EDA3AD0005E1892 /* Frameworks */ = {
			isa = PBXFrameworksBuildPhase;
			buildActionMask = 2147483647;
			files = (
				399A40A81EDA3AD0005E1892 /* Pods_DemoPubnub.framework in Frameworks */,
				DE395019B0432C2D36F71CE9 /* Pods_DemoLightstreamer.framework in Frameworks */,
			);
			runOnlyForDeploymentPostprocessing = 0;
		};
		39AA2DAB1EF0AD6600B01384 /* Frameworks */ = {
			isa = PBXFrameworksBuildPhase;
			buildActionMask = 2147483647;
			files = (
				39AA2DAC1EF0AD6600B01384 /* Pods_DemoPubnub.framework in Frameworks */,
				729A8DAA8C07FD29629D6882 /* Pods_DemoRabbitMQ.framework in Frameworks */,
			);
			runOnlyForDeploymentPostprocessing = 0;
		};
		39D2B78F1ED069F50090936D /* Frameworks */ = {
			isa = PBXFrameworksBuildPhase;
			buildActionMask = 2147483647;
			files = (
				39D2B7901ED069F50090936D /* Pods_ChatDemos.framework in Frameworks */,
				39D2B7911ED069F50090936D /* Pods_ChatDemos.framework in Frameworks */,
				DBD55BAEC1EDC10AC9E2BDDE /* Pods_DemoFirebase.framework in Frameworks */,
				12D1C04D952B6A3FF1F28366 /* Pods_DemoFirebase.framework in Frameworks */,
			);
			runOnlyForDeploymentPostprocessing = 0;
		};
		39D2B7B21ED07BB80090936D /* Frameworks */ = {
			isa = PBXFrameworksBuildPhase;
			buildActionMask = 2147483647;
			files = (
				01F83DEF66BC39F46DC78316 /* Pods_DemoAbly.framework in Frameworks */,
			);
			runOnlyForDeploymentPostprocessing = 0;
		};
		39D2B7D51ED080EE0090936D /* Frameworks */ = {
			isa = PBXFrameworksBuildPhase;
			buildActionMask = 2147483647;
			files = (
				9A3DAEB00923BEEAFF6EF101 /* Pods_DemoPubnub.framework in Frameworks */,
			);
			runOnlyForDeploymentPostprocessing = 0;
		};
		39FD14991EAC14C2008EBE66 /* Frameworks */ = {
			isa = PBXFrameworksBuildPhase;
			buildActionMask = 2147483647;
			files = (
				CCAEB85BD9546EC4C8F0470D /* Pods_ChatDemos.framework in Frameworks */,
				256219CBCE51225AE8D3F392 /* Pods_ChatDemos.framework in Frameworks */,
				B2B0B561A00110F08E04E21F /* Pods_ChatDemos.framework in Frameworks */,
			);
			runOnlyForDeploymentPostprocessing = 0;
		};
/* End PBXFrameworksBuildPhase section */

/* Begin PBXGroup section */
		391A3BCE1EB7E5DC00A4999F /* Data */ = {
			isa = PBXGroup;
			children = (
				391A3BD71EB7E5EE00A4999F /* Impl */,
				391A3BCF1EB7E5EC00A4999F /* ChatRepository.swift */,
				391A3BD01EB7E5EC00A4999F /* ChatRepositoryFactory.swift */,
				391A3BD11EB7E5EC00A4999F /* ChatUtils.swift */,
				391A3BD21EB7E5EC00A4999F /* TextEntry.swift */,
			);
			name = Data;
			sourceTree = "<group>";
		};
		391A3BD71EB7E5EE00A4999F /* Impl */ = {
			isa = PBXGroup;
			children = (
				391A3BD81EB7E5F800A4999F /* AblyChatRepository.swift */,
				391A3BD91EB7E5F800A4999F /* FirebaseChatRepository.swift */,
				391A3BDA1EB7E5F800A4999F /* PubnubChatRepository.swift */,
				39A66B1C1EC79C2B009B24BB /* LightStreamerChatRepository.swift */,
				39AA2D931EF0A89100B01384 /* RabbitMQChatRepository.swift */,
			);
			name = Impl;
			sourceTree = "<group>";
		};
		3960F7C71ECBBB410044996F /* Targets */ = {
			isa = PBXGroup;
			children = (
				3960F7CA1ECBBB580044996F /* Firebase */,
				3960F7C81ECBBB480044996F /* Ably */,
				3960F7C91ECBBB4E0044996F /* Pubnub */,
				3960F7CB1ECBBB620044996F /* Lightstreamer */,
			);
			name = Targets;
			sourceTree = "<group>";
		};
		3960F7C81ECBBB480044996F /* Ably */ = {
			isa = PBXGroup;
			children = (
				3960F8651ECBBE220044996F /* Info.plist */,
				3960F7CE1ECBBC5A0044996F /* ChatInjection.swift */,
			);
			name = Ably;
			sourceTree = "<group>";
		};
		3960F7C91ECBBB4E0044996F /* Pubnub */ = {
			isa = PBXGroup;
			children = (
				3960F8671ECBBE2F0044996F /* Info.plist */,
				3960F7D01ECBBC8A0044996F /* ChatInjection.swift */,
			);
			name = Pubnub;
			sourceTree = "<group>";
		};
		3960F7CA1ECBBB580044996F /* Firebase */ = {
			isa = PBXGroup;
			children = (
				3960F8631ECBBE190044996F /* Info.plist */,
				3960F7CC1ECBBBF40044996F /* ChatInjection.swift */,
			);
			name = Firebase;
			sourceTree = "<group>";
		};
		3960F7CB1ECBBB620044996F /* Lightstreamer */ = {
			isa = PBXGroup;
			children = (
				3960F8691ECBBE3C0044996F /* Info.plist */,
				3960F7D21ECBBC9A0044996F /* ChatInjection.swift */,
			);
			name = Lightstreamer;
			sourceTree = "<group>";
		};
		39FD14931EAC14C2008EBE66 = {
			isa = PBXGroup;
			children = (
				39FD149E1EAC14C2008EBE66 /* ChatDemos */,
				39FD149D1EAC14C2008EBE66 /* Products */,
				FA5B600D8CD2C0CA451E2766 /* Pods */,
				B555A0848C3D06092D849B7A /* Frameworks */,
				39AA2DB91EF0AD6600B01384 /* DemoLightstreamer copy-Info.plist */,
			);
			sourceTree = "<group>";
		};
		39FD149D1EAC14C2008EBE66 /* Products */ = {
			isa = PBXGroup;
			children = (
				39FD149C1EAC14C2008EBE66 /* ChatDemos.app */,
				39D2B79D1ED069F50090936D /* DemoFirebase.app */,
				39D2B7C11ED07BB80090936D /* DemoAbly.app */,
				39D2B7E41ED080EE0090936D /* DemoPubnub.app */,
				399A40B41EDA3AD0005E1892 /* DemoLightstreamer.app */,
				39AA2DB81EF0AD6600B01384 /* DemoRabbitMQ.app */,
			);
			name = Products;
			sourceTree = "<group>";
		};
		39FD149E1EAC14C2008EBE66 /* ChatDemos */ = {
			isa = PBXGroup;
			children = (
				39EE25741ED21AE200464860 /* ChatDemos-Bridging-Header.h */,
				3960F7C71ECBBB410044996F /* Targets */,
				391A3BCE1EB7E5DC00A4999F /* Data */,
				391A3BC81EB7E5D600A4999F /* LaunchScreen.storyboard */,
				391A3BCA1EB7E5D600A4999F /* Main.storyboard */,
				391A3BB61EB7E5BB00A4999F /* AppDelegate.swift */,
				391A3BB71EB7E5BB00A4999F /* Assets.xcassets */,
				391A3BB91EB7E5BB00A4999F /* GoogleService-Info.plist */,
				391A3BBA1EB7E5BB00A4999F /* Info.plist */,
				391A3BBB1EB7E5BB00A4999F /* JsonFileReader.swift */,
				391A3BBC1EB7E5BB00A4999F /* TextEntryCell.swift */,
				391A3BBD1EB7E5BB00A4999F /* TextViewController.swift */,
				391A3BBE1EB7E5BB00A4999F /* ViewController.swift */,
			);
			name = ChatDemos;
			path = AbblyDemo;
			sourceTree = "<group>";
		};
		B555A0848C3D06092D849B7A /* Frameworks */ = {
			isa = PBXGroup;
			children = (
				9F834249794F07AC7C00DAB7 /* Pods_AbblyDemo.framework */,
				B767034A223EA47D70F9408B /* Pods_ChatDemos.framework */,
				2549A801357315B8BB4E5D62 /* Pods_ChatDemos_Ably.framework */,
				3EBEEB0044F615B0FB19ADB5 /* Pods_ChatDemos_Firebase.framework */,
				70D5C5178ED3EE777F50CE33 /* Pods_ChatDemos_Lightstreamer.framework */,
				5686A3C9C369D4F5A989D5CF /* Pods_ChatDemos_Pubnub.framework */,
				50DB445FC518B76C074D0ADF /* Pods_Ably.framework */,
				80B71273990CD9013473517B /* Pods_Firebase.framework */,
				CC4056955AE63B76D87CA197 /* Pods_Lightstreamer.framework */,
				7FF1D1AEAF68E389AA6B5FB2 /* Pods_Pubnub.framework */,
				2875795F08811D2B9AA9033B /* Pods_DemoFirebase.framework */,
				9E89C8FD9F785451029D09F9 /* Pods_DemoAbly.framework */,
				24DE8073B1220B6353599FC4 /* Pods_DemoPubnub.framework */,
				D3AD70F353F51E1EABC3B6BF /* Pods_DemoLightstreamer.framework */,
				209C12957B7A904826ECDFED /* Pods_DemoRabbitMQ.framework */,
			);
			name = Frameworks;
			sourceTree = "<group>";
		};
		FA5B600D8CD2C0CA451E2766 /* Pods */ = {
			isa = PBXGroup;
			children = (
				4FC17D995D64E96BC07FB7AC /* Pods-ChatDemos.debug.xcconfig */,
				E7E1C4D6A45003AD88758528 /* Pods-ChatDemos.release.xcconfig */,
				BF5D222AB9CD77368ECD87EA /* Pods-DemoFirebase.debug.xcconfig */,
				48E3277A961A392EA5BA5572 /* Pods-DemoFirebase.release.xcconfig */,
				5762BCE92810916D111DE126 /* Pods-DemoAbly.debug.xcconfig */,
				A0157DE7ACF78E481CAEE63B /* Pods-DemoAbly.release.xcconfig */,
				CD08B4E1FB6F27884487EEE7 /* Pods-DemoPubnub.debug.xcconfig */,
				9538784E09B9BE28CD2F910F /* Pods-DemoPubnub.release.xcconfig */,
				C90BE778093D94F145B4A086 /* Pods-DemoLightstreamer.debug.xcconfig */,
				3E571F8FD6BEF30C981D75B4 /* Pods-DemoLightstreamer.release.xcconfig */,
				5B03D386F09E05192917EADF /* Pods-DemoRabbitMQ.debug.xcconfig */,
				7AA945375EAC11DB3B2CE42B /* Pods-DemoRabbitMQ.release.xcconfig */,
			);
			name = Pods;
			sourceTree = "<group>";
		};
/* End PBXGroup section */

/* Begin PBXNativeTarget section */
		399A40961EDA3AD0005E1892 /* DemoLightstreamer */ = {
			isa = PBXNativeTarget;
			buildConfigurationList = 399A40B11EDA3AD0005E1892 /* Build configuration list for PBXNativeTarget "DemoLightstreamer" */;
			buildPhases = (
				399A40971EDA3AD0005E1892 /* [CP] Check Pods Manifest.lock */,
				399A40981EDA3AD0005E1892 /* Sources */,
				399A40A71EDA3AD0005E1892 /* Frameworks */,
				399A40A91EDA3AD0005E1892 /* Resources */,
				399A40AF1EDA3AD0005E1892 /* [CP] Embed Pods Frameworks */,
				399A40B01EDA3AD0005E1892 /* [CP] Copy Pods Resources */,
			);
			buildRules = (
			);
			dependencies = (
			);
			name = DemoLightstreamer;
			productName = AbblyDemo;
			productReference = 399A40B41EDA3AD0005E1892 /* DemoLightstreamer.app */;
			productType = "com.apple.product-type.application";
		};
		39AA2D991EF0AD6600B01384 /* DemoRabbitMQ */ = {
			isa = PBXNativeTarget;
			buildConfigurationList = 39AA2DB51EF0AD6600B01384 /* Build configuration list for PBXNativeTarget "DemoRabbitMQ" */;
			buildPhases = (
				39AA2D9A1EF0AD6600B01384 /* [CP] Check Pods Manifest.lock */,
				39AA2D9B1EF0AD6600B01384 /* Sources */,
				39AA2DAB1EF0AD6600B01384 /* Frameworks */,
				39AA2DAD1EF0AD6600B01384 /* Resources */,
				39AA2DB31EF0AD6600B01384 /* [CP] Embed Pods Frameworks */,
				39AA2DB41EF0AD6600B01384 /* [CP] Copy Pods Resources */,
			);
			buildRules = (
			);
			dependencies = (
			);
			name = DemoRabbitMQ;
			productName = AbblyDemo;
			productReference = 39AA2DB81EF0AD6600B01384 /* DemoRabbitMQ.app */;
			productType = "com.apple.product-type.application";
		};
		39D2B77E1ED069F50090936D /* DemoFirebase */ = {
			isa = PBXNativeTarget;
			buildConfigurationList = 39D2B79A1ED069F50090936D /* Build configuration list for PBXNativeTarget "DemoFirebase" */;
			buildPhases = (
				39D2B77F1ED069F50090936D /* [CP] Check Pods Manifest.lock */,
				39D2B7801ED069F50090936D /* Sources */,
				39D2B78F1ED069F50090936D /* Frameworks */,
				39D2B7921ED069F50090936D /* Resources */,
				39D2B7981ED069F50090936D /* [CP] Embed Pods Frameworks */,
				39D2B7991ED069F50090936D /* [CP] Copy Pods Resources */,
			);
			buildRules = (
			);
			dependencies = (
			);
			name = DemoFirebase;
			productName = AbblyDemo;
			productReference = 39D2B79D1ED069F50090936D /* DemoFirebase.app */;
			productType = "com.apple.product-type.application";
		};
		39D2B7A11ED07BB80090936D /* DemoAbly */ = {
			isa = PBXNativeTarget;
			buildConfigurationList = 39D2B7BE1ED07BB80090936D /* Build configuration list for PBXNativeTarget "DemoAbly" */;
			buildPhases = (
				CC72A7B00D1F464D00D1F2C1 /* [CP] Check Pods Manifest.lock */,
				39D2B7A31ED07BB80090936D /* Sources */,
				39D2B7B21ED07BB80090936D /* Frameworks */,
				39D2B7B61ED07BB80090936D /* Resources */,
				B0DEE940B4FA0318DCC0CFFE /* [CP] Embed Pods Frameworks */,
				D7D38E1832A43A0ED50440FA /* [CP] Copy Pods Resources */,
			);
			buildRules = (
			);
			dependencies = (
			);
			name = DemoAbly;
			productName = AbblyDemo;
			productReference = 39D2B7C11ED07BB80090936D /* DemoAbly.app */;
			productType = "com.apple.product-type.application";
		};
		39D2B7C41ED080EE0090936D /* DemoPubnub */ = {
			isa = PBXNativeTarget;
			buildConfigurationList = 39D2B7E11ED080EE0090936D /* Build configuration list for PBXNativeTarget "DemoPubnub" */;
			buildPhases = (
				6DEB0DBDC919311A6FF8A6FD /* [CP] Check Pods Manifest.lock */,
				39D2B7C61ED080EE0090936D /* Sources */,
				39D2B7D51ED080EE0090936D /* Frameworks */,
				39D2B7D91ED080EE0090936D /* Resources */,
				920957AE5492CE61347DA675 /* [CP] Embed Pods Frameworks */,
				2907D8E9C7C3E35D49DFE268 /* [CP] Copy Pods Resources */,
			);
			buildRules = (
			);
			dependencies = (
			);
			name = DemoPubnub;
			productName = AbblyDemo;
			productReference = 39D2B7E41ED080EE0090936D /* DemoPubnub.app */;
			productType = "com.apple.product-type.application";
		};
		39FD149B1EAC14C2008EBE66 /* ChatDemos */ = {
			isa = PBXNativeTarget;
			buildConfigurationList = 39FD14AE1EAC14C2008EBE66 /* Build configuration list for PBXNativeTarget "ChatDemos" */;
			buildPhases = (
				9FFE12A21E43EE0DA383174F /* [CP] Check Pods Manifest.lock */,
				39FD14981EAC14C2008EBE66 /* Sources */,
				39FD14991EAC14C2008EBE66 /* Frameworks */,
				39FD149A1EAC14C2008EBE66 /* Resources */,
				488EFB5A9616F93632C0D9E4 /* [CP] Embed Pods Frameworks */,
				0F02B5F2DDF7101F38795B70 /* [CP] Copy Pods Resources */,
			);
			buildRules = (
			);
			dependencies = (
			);
			name = ChatDemos;
			productName = AbblyDemo;
			productReference = 39FD149C1EAC14C2008EBE66 /* ChatDemos.app */;
			productType = "com.apple.product-type.application";
		};
/* End PBXNativeTarget section */

/* Begin PBXProject section */
		39FD14941EAC14C2008EBE66 /* Project object */ = {
			isa = PBXProject;
			attributes = {
				LastSwiftUpdateCheck = 0830;
				LastUpgradeCheck = 0830;
				ORGANIZATIONNAME = "Bruno Aybar";
				TargetAttributes = {
					399A40961EDA3AD0005E1892 = {
						DevelopmentTeam = H5SA9D7D87;
					};
					39AA2D991EF0AD6600B01384 = {
						DevelopmentTeam = H5SA9D7D87;
					};
					39D2B77E1ED069F50090936D = {
						DevelopmentTeam = H5SA9D7D87;
					};
					39D2B7A11ED07BB80090936D = {
						DevelopmentTeam = VK59D6Z27Q;
					};
					39D2B7C41ED080EE0090936D = {
						DevelopmentTeam = VK59D6Z27Q;
					};
					39FD149B1EAC14C2008EBE66 = {
						CreatedOnToolsVersion = 8.3.1;
						DevelopmentTeam = VK59D6Z27Q;
						LastSwiftMigration = 0830;
						ProvisioningStyle = Automatic;
					};
				};
			};
			buildConfigurationList = 39FD14971EAC14C2008EBE66 /* Build configuration list for PBXProject "ChatDemos" */;
			compatibilityVersion = "Xcode 3.2";
			developmentRegion = English;
			hasScannedForEncodings = 0;
			knownRegions = (
				en,
				Base,
			);
			mainGroup = 39FD14931EAC14C2008EBE66;
			productRefGroup = 39FD149D1EAC14C2008EBE66 /* Products */;
			projectDirPath = "";
			projectRoot = "";
			targets = (
				39FD149B1EAC14C2008EBE66 /* ChatDemos */,
				39D2B77E1ED069F50090936D /* DemoFirebase */,
				39D2B7A11ED07BB80090936D /* DemoAbly */,
				39D2B7C41ED080EE0090936D /* DemoPubnub */,
				399A40961EDA3AD0005E1892 /* DemoLightstreamer */,
				39AA2D991EF0AD6600B01384 /* DemoRabbitMQ */,
			);
		};
/* End PBXProject section */

/* Begin PBXResourcesBuildPhase section */
		399A40A91EDA3AD0005E1892 /* Resources */ = {
			isa = PBXResourcesBuildPhase;
			buildActionMask = 2147483647;
			files = (
				399A40AA1EDA3AD0005E1892 /* Info.plist in Resources */,
				399A40AB1EDA3AD0005E1892 /* Main.storyboard in Resources */,
				399A40AC1EDA3AD0005E1892 /* LaunchScreen.storyboard in Resources */,
				399A40AD1EDA3AD0005E1892 /* Assets.xcassets in Resources */,
				399A40AE1EDA3AD0005E1892 /* GoogleService-Info.plist in Resources */,
			);
			runOnlyForDeploymentPostprocessing = 0;
		};
		39AA2DAD1EF0AD6600B01384 /* Resources */ = {
			isa = PBXResourcesBuildPhase;
			buildActionMask = 2147483647;
			files = (
				39AA2DAE1EF0AD6600B01384 /* Info.plist in Resources */,
				39AA2DAF1EF0AD6600B01384 /* Main.storyboard in Resources */,
				39AA2DB01EF0AD6600B01384 /* LaunchScreen.storyboard in Resources */,
				39AA2DB11EF0AD6600B01384 /* Assets.xcassets in Resources */,
				39AA2DB21EF0AD6600B01384 /* GoogleService-Info.plist in Resources */,
			);
			runOnlyForDeploymentPostprocessing = 0;
		};
		39D2B7921ED069F50090936D /* Resources */ = {
			isa = PBXResourcesBuildPhase;
			buildActionMask = 2147483647;
			files = (
				39D2B7931ED069F50090936D /* Info.plist in Resources */,
				39D2B7941ED069F50090936D /* Main.storyboard in Resources */,
				39D2B7951ED069F50090936D /* LaunchScreen.storyboard in Resources */,
				39D2B7961ED069F50090936D /* Assets.xcassets in Resources */,
				39D2B7971ED069F50090936D /* GoogleService-Info.plist in Resources */,
			);
			runOnlyForDeploymentPostprocessing = 0;
		};
		39D2B7B61ED07BB80090936D /* Resources */ = {
			isa = PBXResourcesBuildPhase;
			buildActionMask = 2147483647;
			files = (
				39D2B7B71ED07BB80090936D /* Info.plist in Resources */,
				39D2B7B81ED07BB80090936D /* Main.storyboard in Resources */,
				39D2B7B91ED07BB80090936D /* LaunchScreen.storyboard in Resources */,
				39D2B7BA1ED07BB80090936D /* Assets.xcassets in Resources */,
				39D2B7BB1ED07BB80090936D /* GoogleService-Info.plist in Resources */,
			);
			runOnlyForDeploymentPostprocessing = 0;
		};
		39D2B7D91ED080EE0090936D /* Resources */ = {
			isa = PBXResourcesBuildPhase;
			buildActionMask = 2147483647;
			files = (
				39D2B7DA1ED080EE0090936D /* Info.plist in Resources */,
				39D2B7DB1ED080EE0090936D /* Main.storyboard in Resources */,
				39D2B7DC1ED080EE0090936D /* LaunchScreen.storyboard in Resources */,
				39D2B7DD1ED080EE0090936D /* Assets.xcassets in Resources */,
				39D2B7DE1ED080EE0090936D /* GoogleService-Info.plist in Resources */,
			);
			runOnlyForDeploymentPostprocessing = 0;
		};
		39FD149A1EAC14C2008EBE66 /* Resources */ = {
			isa = PBXResourcesBuildPhase;
			buildActionMask = 2147483647;
			files = (
				391A3BC31EB7E5BB00A4999F /* Info.plist in Resources */,
				391A3BCD1EB7E5D600A4999F /* Main.storyboard in Resources */,
				391A3BCC1EB7E5D600A4999F /* LaunchScreen.storyboard in Resources */,
				391A3BC01EB7E5BB00A4999F /* Assets.xcassets in Resources */,
				391A3BC21EB7E5BB00A4999F /* GoogleService-Info.plist in Resources */,
			);
			runOnlyForDeploymentPostprocessing = 0;
		};
/* End PBXResourcesBuildPhase section */

/* Begin PBXShellScriptBuildPhase section */
		0F02B5F2DDF7101F38795B70 /* [CP] Copy Pods Resources */ = {
			isa = PBXShellScriptBuildPhase;
			buildActionMask = 2147483647;
			files = (
			);
			inputPaths = (
			);
			name = "[CP] Copy Pods Resources";
			outputPaths = (
			);
			runOnlyForDeploymentPostprocessing = 0;
			shellPath = /bin/sh;
			shellScript = "\"${SRCROOT}/Pods/Target Support Files/Pods-ChatDemos/Pods-ChatDemos-resources.sh\"\n";
			showEnvVarsInLog = 0;
		};
		2907D8E9C7C3E35D49DFE268 /* [CP] Copy Pods Resources */ = {
			isa = PBXShellScriptBuildPhase;
			buildActionMask = 2147483647;
			files = (
			);
			inputPaths = (
			);
			name = "[CP] Copy Pods Resources";
			outputPaths = (
			);
			runOnlyForDeploymentPostprocessing = 0;
			shellPath = /bin/sh;
			shellScript = "\"${SRCROOT}/Pods/Target Support Files/Pods-DemoPubnub/Pods-DemoPubnub-resources.sh\"\n";
			showEnvVarsInLog = 0;
		};
		399A40971EDA3AD0005E1892 /* [CP] Check Pods Manifest.lock */ = {
			isa = PBXShellScriptBuildPhase;
			buildActionMask = 2147483647;
			files = (
			);
			inputPaths = (
			);
			name = "[CP] Check Pods Manifest.lock";
			outputPaths = (
			);
			runOnlyForDeploymentPostprocessing = 0;
			shellPath = /bin/sh;
			shellScript = "diff \"${PODS_ROOT}/../Podfile.lock\" \"${PODS_ROOT}/Manifest.lock\" > /dev/null\nif [ $? != 0 ] ; then\n    # print error to STDERR\n    echo \"error: The sandbox is not in sync with the Podfile.lock. Run 'pod install' or update your CocoaPods installation.\" >&2\n    exit 1\nfi\n";
			showEnvVarsInLog = 0;
		};
		399A40AF1EDA3AD0005E1892 /* [CP] Embed Pods Frameworks */ = {
			isa = PBXShellScriptBuildPhase;
			buildActionMask = 2147483647;
			files = (
			);
			inputPaths = (
			);
			name = "[CP] Embed Pods Frameworks";
			outputPaths = (
			);
			runOnlyForDeploymentPostprocessing = 0;
			shellPath = /bin/sh;
			shellScript = "\"${SRCROOT}/Pods/Target Support Files/Pods-DemoLightstreamer/Pods-DemoLightstreamer-frameworks.sh\"\n";
			showEnvVarsInLog = 0;
		};
		399A40B01EDA3AD0005E1892 /* [CP] Copy Pods Resources */ = {
			isa = PBXShellScriptBuildPhase;
			buildActionMask = 2147483647;
			files = (
			);
			inputPaths = (
			);
			name = "[CP] Copy Pods Resources";
			outputPaths = (
			);
			runOnlyForDeploymentPostprocessing = 0;
			shellPath = /bin/sh;
			shellScript = "\"${SRCROOT}/Pods/Target Support Files/Pods-DemoLightstreamer/Pods-DemoLightstreamer-resources.sh\"\n";
			showEnvVarsInLog = 0;
		};
		39AA2D9A1EF0AD6600B01384 /* [CP] Check Pods Manifest.lock */ = {
			isa = PBXShellScriptBuildPhase;
			buildActionMask = 2147483647;
			files = (
			);
			inputPaths = (
			);
			name = "[CP] Check Pods Manifest.lock";
			outputPaths = (
			);
			runOnlyForDeploymentPostprocessing = 0;
			shellPath = /bin/sh;
			shellScript = "diff \"${PODS_ROOT}/../Podfile.lock\" \"${PODS_ROOT}/Manifest.lock\" > /dev/null\nif [ $? != 0 ] ; then\n    # print error to STDERR\n    echo \"error: The sandbox is not in sync with the Podfile.lock. Run 'pod install' or update your CocoaPods installation.\" >&2\n    exit 1\nfi\n";
			showEnvVarsInLog = 0;
		};
		39AA2DB31EF0AD6600B01384 /* [CP] Embed Pods Frameworks */ = {
			isa = PBXShellScriptBuildPhase;
			buildActionMask = 2147483647;
			files = (
			);
			inputPaths = (
			);
			name = "[CP] Embed Pods Frameworks";
			outputPaths = (
			);
			runOnlyForDeploymentPostprocessing = 0;
			shellPath = /bin/sh;
			shellScript = "\"${SRCROOT}/Pods/Target Support Files/Pods-DemoRabbitMQ/Pods-DemoRabbitMQ-frameworks.sh\"\n";
			showEnvVarsInLog = 0;
		};
		39AA2DB41EF0AD6600B01384 /* [CP] Copy Pods Resources */ = {
			isa = PBXShellScriptBuildPhase;
			buildActionMask = 2147483647;
			files = (
			);
			inputPaths = (
			);
			name = "[CP] Copy Pods Resources";
			outputPaths = (
			);
			runOnlyForDeploymentPostprocessing = 0;
			shellPath = /bin/sh;
			shellScript = "\"${SRCROOT}/Pods/Target Support Files/Pods-DemoRabbitMQ/Pods-DemoRabbitMQ-resources.sh\"\n";
			showEnvVarsInLog = 0;
		};
		39D2B77F1ED069F50090936D /* [CP] Check Pods Manifest.lock */ = {
			isa = PBXShellScriptBuildPhase;
			buildActionMask = 2147483647;
			files = (
			);
			inputPaths = (
			);
			name = "[CP] Check Pods Manifest.lock";
			outputPaths = (
			);
			runOnlyForDeploymentPostprocessing = 0;
			shellPath = /bin/sh;
			shellScript = "diff \"${PODS_ROOT}/../Podfile.lock\" \"${PODS_ROOT}/Manifest.lock\" > /dev/null\nif [ $? != 0 ] ; then\n    # print error to STDERR\n    echo \"error: The sandbox is not in sync with the Podfile.lock. Run 'pod install' or update your CocoaPods installation.\" >&2\n    exit 1\nfi\n";
			showEnvVarsInLog = 0;
		};
		39D2B7981ED069F50090936D /* [CP] Embed Pods Frameworks */ = {
			isa = PBXShellScriptBuildPhase;
			buildActionMask = 2147483647;
			files = (
			);
			inputPaths = (
			);
			name = "[CP] Embed Pods Frameworks";
			outputPaths = (
			);
			runOnlyForDeploymentPostprocessing = 0;
			shellPath = /bin/sh;
			shellScript = "\"${SRCROOT}/Pods/Target Support Files/Pods-DemoFirebase/Pods-DemoFirebase-frameworks.sh\"\n";
			showEnvVarsInLog = 0;
		};
		39D2B7991ED069F50090936D /* [CP] Copy Pods Resources */ = {
			isa = PBXShellScriptBuildPhase;
			buildActionMask = 2147483647;
			files = (
			);
			inputPaths = (
			);
			name = "[CP] Copy Pods Resources";
			outputPaths = (
			);
			runOnlyForDeploymentPostprocessing = 0;
			shellPath = /bin/sh;
			shellScript = "\"${SRCROOT}/Pods/Target Support Files/Pods-DemoFirebase/Pods-DemoFirebase-resources.sh\"\n";
			showEnvVarsInLog = 0;
		};
		488EFB5A9616F93632C0D9E4 /* [CP] Embed Pods Frameworks */ = {
			isa = PBXShellScriptBuildPhase;
			buildActionMask = 2147483647;
			files = (
			);
			inputPaths = (
			);
			name = "[CP] Embed Pods Frameworks";
			outputPaths = (
			);
			runOnlyForDeploymentPostprocessing = 0;
			shellPath = /bin/sh;
			shellScript = "\"${SRCROOT}/Pods/Target Support Files/Pods-ChatDemos/Pods-ChatDemos-frameworks.sh\"\n";
			showEnvVarsInLog = 0;
		};
		6DEB0DBDC919311A6FF8A6FD /* [CP] Check Pods Manifest.lock */ = {
			isa = PBXShellScriptBuildPhase;
			buildActionMask = 2147483647;
			files = (
			);
			inputPaths = (
			);
			name = "[CP] Check Pods Manifest.lock";
			outputPaths = (
			);
			runOnlyForDeploymentPostprocessing = 0;
			shellPath = /bin/sh;
			shellScript = "diff \"${PODS_ROOT}/../Podfile.lock\" \"${PODS_ROOT}/Manifest.lock\" > /dev/null\nif [ $? != 0 ] ; then\n    # print error to STDERR\n    echo \"error: The sandbox is not in sync with the Podfile.lock. Run 'pod install' or update your CocoaPods installation.\" >&2\n    exit 1\nfi\n";
			showEnvVarsInLog = 0;
		};
		920957AE5492CE61347DA675 /* [CP] Embed Pods Frameworks */ = {
			isa = PBXShellScriptBuildPhase;
			buildActionMask = 2147483647;
			files = (
			);
			inputPaths = (
			);
			name = "[CP] Embed Pods Frameworks";
			outputPaths = (
			);
			runOnlyForDeploymentPostprocessing = 0;
			shellPath = /bin/sh;
			shellScript = "\"${SRCROOT}/Pods/Target Support Files/Pods-DemoPubnub/Pods-DemoPubnub-frameworks.sh\"\n";
			showEnvVarsInLog = 0;
		};
		9FFE12A21E43EE0DA383174F /* [CP] Check Pods Manifest.lock */ = {
			isa = PBXShellScriptBuildPhase;
			buildActionMask = 2147483647;
			files = (
			);
			inputPaths = (
			);
			name = "[CP] Check Pods Manifest.lock";
			outputPaths = (
			);
			runOnlyForDeploymentPostprocessing = 0;
			shellPath = /bin/sh;
			shellScript = "diff \"${PODS_ROOT}/../Podfile.lock\" \"${PODS_ROOT}/Manifest.lock\" > /dev/null\nif [ $? != 0 ] ; then\n    # print error to STDERR\n    echo \"error: The sandbox is not in sync with the Podfile.lock. Run 'pod install' or update your CocoaPods installation.\" >&2\n    exit 1\nfi\n";
			showEnvVarsInLog = 0;
		};
		B0DEE940B4FA0318DCC0CFFE /* [CP] Embed Pods Frameworks */ = {
			isa = PBXShellScriptBuildPhase;
			buildActionMask = 2147483647;
			files = (
			);
			inputPaths = (
			);
			name = "[CP] Embed Pods Frameworks";
			outputPaths = (
			);
			runOnlyForDeploymentPostprocessing = 0;
			shellPath = /bin/sh;
			shellScript = "\"${SRCROOT}/Pods/Target Support Files/Pods-DemoAbly/Pods-DemoAbly-frameworks.sh\"\n";
			showEnvVarsInLog = 0;
		};
		CC72A7B00D1F464D00D1F2C1 /* [CP] Check Pods Manifest.lock */ = {
			isa = PBXShellScriptBuildPhase;
			buildActionMask = 2147483647;
			files = (
			);
			inputPaths = (
			);
			name = "[CP] Check Pods Manifest.lock";
			outputPaths = (
			);
			runOnlyForDeploymentPostprocessing = 0;
			shellPath = /bin/sh;
			shellScript = "diff \"${PODS_ROOT}/../Podfile.lock\" \"${PODS_ROOT}/Manifest.lock\" > /dev/null\nif [ $? != 0 ] ; then\n    # print error to STDERR\n    echo \"error: The sandbox is not in sync with the Podfile.lock. Run 'pod install' or update your CocoaPods installation.\" >&2\n    exit 1\nfi\n";
			showEnvVarsInLog = 0;
		};
		D7D38E1832A43A0ED50440FA /* [CP] Copy Pods Resources */ = {
			isa = PBXShellScriptBuildPhase;
			buildActionMask = 2147483647;
			files = (
			);
			inputPaths = (
			);
			name = "[CP] Copy Pods Resources";
			outputPaths = (
			);
			runOnlyForDeploymentPostprocessing = 0;
			shellPath = /bin/sh;
			shellScript = "\"${SRCROOT}/Pods/Target Support Files/Pods-DemoAbly/Pods-DemoAbly-resources.sh\"\n";
			showEnvVarsInLog = 0;
		};
/* End PBXShellScriptBuildPhase section */

/* Begin PBXSourcesBuildPhase section */
		399A40981EDA3AD0005E1892 /* Sources */ = {
			isa = PBXSourcesBuildPhase;
			buildActionMask = 2147483647;
			files = (
				399A40991EDA3AD0005E1892 /* ViewController.swift in Sources */,
				399A409A1EDA3AD0005E1892 /* PubnubChatRepository.swift in Sources */,
				399A409B1EDA3AD0005E1892 /* ChatRepository.swift in Sources */,
				399A409C1EDA3AD0005E1892 /* ChatRepositoryFactory.swift in Sources */,
				399A40B61EDA3BAB005E1892 /* ChatInjection.swift in Sources */,
				399A409D1EDA3AD0005E1892 /* ChatUtils.swift in Sources */,
				399A409E1EDA3AD0005E1892 /* LightStreamerChatRepository.swift in Sources */,
				399A409F1EDA3AD0005E1892 /* TextEntry.swift in Sources */,
				399A40A01EDA3AD0005E1892 /* AblyChatRepository.swift in Sources */,
				399A40A11EDA3AD0005E1892 /* JsonFileReader.swift in Sources */,
				39AA2D981EF0A89100B01384 /* RabbitMQChatRepository.swift in Sources */,
				399A40A21EDA3AD0005E1892 /* TextEntryCell.swift in Sources */,
				399A40A31EDA3AD0005E1892 /* AppDelegate.swift in Sources */,
				399A40A51EDA3AD0005E1892 /* TextViewController.swift in Sources */,
				399A40A61EDA3AD0005E1892 /* FirebaseChatRepository.swift in Sources */,
			);
			runOnlyForDeploymentPostprocessing = 0;
		};
		39AA2D9B1EF0AD6600B01384 /* Sources */ = {
			isa = PBXSourcesBuildPhase;
			buildActionMask = 2147483647;
			files = (
				39AA2D9C1EF0AD6600B01384 /* ViewController.swift in Sources */,
				39AA2D9D1EF0AD6600B01384 /* PubnubChatRepository.swift in Sources */,
				39AA2D9E1EF0AD6600B01384 /* ChatRepository.swift in Sources */,
				39AA2D9F1EF0AD6600B01384 /* ChatRepositoryFactory.swift in Sources */,
				39AA2DA01EF0AD6600B01384 /* ChatInjection.swift in Sources */,
				39AA2DA11EF0AD6600B01384 /* ChatUtils.swift in Sources */,
				39AA2DA21EF0AD6600B01384 /* LightStreamerChatRepository.swift in Sources */,
				39AA2DA31EF0AD6600B01384 /* TextEntry.swift in Sources */,
				39AA2DA41EF0AD6600B01384 /* AblyChatRepository.swift in Sources */,
				39AA2DA51EF0AD6600B01384 /* JsonFileReader.swift in Sources */,
				39AA2DA61EF0AD6600B01384 /* RabbitMQChatRepository.swift in Sources */,
				39AA2DA71EF0AD6600B01384 /* TextEntryCell.swift in Sources */,
				39AA2DA81EF0AD6600B01384 /* AppDelegate.swift in Sources */,
				39AA2DA91EF0AD6600B01384 /* TextViewController.swift in Sources */,
				39AA2DAA1EF0AD6600B01384 /* FirebaseChatRepository.swift in Sources */,
			);
			runOnlyForDeploymentPostprocessing = 0;
		};
		39D2B7801ED069F50090936D /* Sources */ = {
			isa = PBXSourcesBuildPhase;
			buildActionMask = 2147483647;
			files = (
				39D2B7811ED069F50090936D /* ViewController.swift in Sources */,
				39D2B7831ED069F50090936D /* PubnubChatRepository.swift in Sources */,
				39D2B7841ED069F50090936D /* ChatRepository.swift in Sources */,
				39D2B79F1ED070EF0090936D /* ChatInjection.swift in Sources */,
				39D2B7851ED069F50090936D /* ChatRepositoryFactory.swift in Sources */,
				39D2B7861ED069F50090936D /* ChatUtils.swift in Sources */,
				39D2B7871ED069F50090936D /* LightStreamerChatRepository.swift in Sources */,
				39D2B7881ED069F50090936D /* TextEntry.swift in Sources */,
				39D2B7891ED069F50090936D /* AblyChatRepository.swift in Sources */,
				39D2B78A1ED069F50090936D /* JsonFileReader.swift in Sources */,
				39AA2D951EF0A89100B01384 /* RabbitMQChatRepository.swift in Sources */,
				39D2B78B1ED069F50090936D /* TextEntryCell.swift in Sources */,
				39D2B78C1ED069F50090936D /* AppDelegate.swift in Sources */,
				39D2B78D1ED069F50090936D /* TextViewController.swift in Sources */,
				39D2B78E1ED069F50090936D /* FirebaseChatRepository.swift in Sources */,
			);
			runOnlyForDeploymentPostprocessing = 0;
		};
		39D2B7A31ED07BB80090936D /* Sources */ = {
			isa = PBXSourcesBuildPhase;
			buildActionMask = 2147483647;
			files = (
				39D2B7A41ED07BB80090936D /* ViewController.swift in Sources */,
				39D2B7A51ED07BB80090936D /* PubnubChatRepository.swift in Sources */,
				39D2B7A61ED07BB80090936D /* ChatRepository.swift in Sources */,
				39D2B7C31ED07BDD0090936D /* ChatInjection.swift in Sources */,
				39D2B7A81ED07BB80090936D /* ChatRepositoryFactory.swift in Sources */,
				39D2B7A91ED07BB80090936D /* ChatUtils.swift in Sources */,
				39D2B7AA1ED07BB80090936D /* LightStreamerChatRepository.swift in Sources */,
				39D2B7AB1ED07BB80090936D /* TextEntry.swift in Sources */,
				39D2B7AC1ED07BB80090936D /* AblyChatRepository.swift in Sources */,
				39D2B7AD1ED07BB80090936D /* JsonFileReader.swift in Sources */,
				39AA2D961EF0A89100B01384 /* RabbitMQChatRepository.swift in Sources */,
				39D2B7AE1ED07BB80090936D /* TextEntryCell.swift in Sources */,
				39D2B7AF1ED07BB80090936D /* AppDelegate.swift in Sources */,
				39D2B7B01ED07BB80090936D /* TextViewController.swift in Sources */,
				39D2B7B11ED07BB80090936D /* FirebaseChatRepository.swift in Sources */,
			);
			runOnlyForDeploymentPostprocessing = 0;
		};
		39D2B7C61ED080EE0090936D /* Sources */ = {
			isa = PBXSourcesBuildPhase;
			buildActionMask = 2147483647;
			files = (
				39D2B7C71ED080EE0090936D /* ViewController.swift in Sources */,
				39D2B7C81ED080EE0090936D /* PubnubChatRepository.swift in Sources */,
				39D2B7C91ED080EE0090936D /* ChatRepository.swift in Sources */,
				39D2B7CB1ED080EE0090936D /* ChatRepositoryFactory.swift in Sources */,
				39D2B7CC1ED080EE0090936D /* ChatUtils.swift in Sources */,
				39D2B7CD1ED080EE0090936D /* LightStreamerChatRepository.swift in Sources */,
				39D2B7CE1ED080EE0090936D /* TextEntry.swift in Sources */,
				39D2B7CF1ED080EE0090936D /* AblyChatRepository.swift in Sources */,
				39D2B7D01ED080EE0090936D /* JsonFileReader.swift in Sources */,
				39D2B7D11ED080EE0090936D /* TextEntryCell.swift in Sources */,
				39AA2D971EF0A89100B01384 /* RabbitMQChatRepository.swift in Sources */,
				39D2B7D21ED080EE0090936D /* AppDelegate.swift in Sources */,
				39D2B7E61ED082570090936D /* ChatInjection.swift in Sources */,
				39D2B7D31ED080EE0090936D /* TextViewController.swift in Sources */,
				39D2B7D41ED080EE0090936D /* FirebaseChatRepository.swift in Sources */,
			);
			runOnlyForDeploymentPostprocessing = 0;
		};
		39FD14981EAC14C2008EBE66 /* Sources */ = {
			isa = PBXSourcesBuildPhase;
			buildActionMask = 2147483647;
			files = (
				391A3BC71EB7E5BB00A4999F /* ViewController.swift in Sources */,
				391A3BDD1EB7E5F800A4999F /* PubnubChatRepository.swift in Sources */,
				391A3BD31EB7E5EC00A4999F /* ChatRepository.swift in Sources */,
				391A3BD41EB7E5EC00A4999F /* ChatRepositoryFactory.swift in Sources */,
				391A3BD51EB7E5EC00A4999F /* ChatUtils.swift in Sources */,
				39A66B1D1EC79C2B009B24BB /* LightStreamerChatRepository.swift in Sources */,
				391A3BD61EB7E5EC00A4999F /* TextEntry.swift in Sources */,
				391A3BDB1EB7E5F800A4999F /* AblyChatRepository.swift in Sources */,
				391A3BC41EB7E5BB00A4999F /* JsonFileReader.swift in Sources */,
				391A3BC51EB7E5BB00A4999F /* TextEntryCell.swift in Sources */,
				39AA2D941EF0A89100B01384 /* RabbitMQChatRepository.swift in Sources */,
				391A3BBF1EB7E5BB00A4999F /* AppDelegate.swift in Sources */,
				39D2B7A01ED071060090936D /* ChatInjection.swift in Sources */,
				391A3BC61EB7E5BB00A4999F /* TextViewController.swift in Sources */,
				391A3BDC1EB7E5F800A4999F /* FirebaseChatRepository.swift in Sources */,
			);
			runOnlyForDeploymentPostprocessing = 0;
		};
/* End PBXSourcesBuildPhase section */

/* Begin PBXVariantGroup section */
		391A3BC81EB7E5D600A4999F /* LaunchScreen.storyboard */ = {
			isa = PBXVariantGroup;
			children = (
				391A3BC91EB7E5D600A4999F /* Base */,
			);
			name = LaunchScreen.storyboard;
			sourceTree = "<group>";
		};
		391A3BCA1EB7E5D600A4999F /* Main.storyboard */ = {
			isa = PBXVariantGroup;
			children = (
				391A3BCB1EB7E5D600A4999F /* Base */,
			);
			name = Main.storyboard;
			sourceTree = "<group>";
		};
/* End PBXVariantGroup section */

/* Begin XCBuildConfiguration section */
		399A40B21EDA3AD0005E1892 /* Debug */ = {
			isa = XCBuildConfiguration;
			baseConfigurationReference = C90BE778093D94F145B4A086 /* Pods-DemoLightstreamer.debug.xcconfig */;
			buildSettings = {
				ASSETCATALOG_COMPILER_APPICON_NAME = LightstreamerIcon;
				CLANG_ENABLE_MODULES = YES;
				DEVELOPMENT_TEAM = H5SA9D7D87;
				INFOPLIST_FILE = "$(SRCROOT)/ChatDemos/Targets/Lightstreamer/Info.plist";
				LD_RUNPATH_SEARCH_PATHS = "$(inherited) @executable_path/Frameworks";
				PRODUCT_BUNDLE_IDENTIFIER = com.brunoaybar.chatdemos.lightstreamer;
				PRODUCT_NAME = "$(TARGET_NAME)";
				SWIFT_OBJC_BRIDGING_HEADER = "ChatDemos/ChatDemos-Bridging-Header.h";
				SWIFT_OPTIMIZATION_LEVEL = "-Onone";
				SWIFT_VERSION = 3.0;
			};
			name = Debug;
		};
		399A40B31EDA3AD0005E1892 /* Release */ = {
			isa = XCBuildConfiguration;
			baseConfigurationReference = 3E571F8FD6BEF30C981D75B4 /* Pods-DemoLightstreamer.release.xcconfig */;
			buildSettings = {
				ASSETCATALOG_COMPILER_APPICON_NAME = LightstreamerIcon;
				CLANG_ENABLE_MODULES = YES;
				DEVELOPMENT_TEAM = H5SA9D7D87;
				INFOPLIST_FILE = "$(SRCROOT)/ChatDemos/Targets/Lightstreamer/Info.plist";
				LD_RUNPATH_SEARCH_PATHS = "$(inherited) @executable_path/Frameworks";
				PRODUCT_BUNDLE_IDENTIFIER = com.brunoaybar.chatdemos.lightstreamer;
				PRODUCT_NAME = "$(TARGET_NAME)";
				SWIFT_OBJC_BRIDGING_HEADER = "ChatDemos/ChatDemos-Bridging-Header.h";
				SWIFT_VERSION = 3.0;
			};
			name = Release;
		};
		39AA2DB61EF0AD6600B01384 /* Debug */ = {
			isa = XCBuildConfiguration;
			baseConfigurationReference = 5B03D386F09E05192917EADF /* Pods-DemoRabbitMQ.debug.xcconfig */;
			buildSettings = {
				ASSETCATALOG_COMPILER_APPICON_NAME = LightstreamerIcon;
				CLANG_ENABLE_MODULES = YES;
				DEVELOPMENT_TEAM = H5SA9D7D87;
				INFOPLIST_FILE = "DemoLightstreamer copy-Info.plist";
				LD_RUNPATH_SEARCH_PATHS = "$(inherited) @executable_path/Frameworks";
				PRODUCT_BUNDLE_IDENTIFIER = com.brunoaybar.chatdemos.rabbitmq;
				PRODUCT_NAME = "$(TARGET_NAME)";
				SWIFT_OBJC_BRIDGING_HEADER = "ChatDemos/ChatDemos-Bridging-Header.h";
				SWIFT_OPTIMIZATION_LEVEL = "-Onone";
				SWIFT_VERSION = 3.0;
			};
			name = Debug;
		};
		39AA2DB71EF0AD6600B01384 /* Release */ = {
			isa = XCBuildConfiguration;
			baseConfigurationReference = 7AA945375EAC11DB3B2CE42B /* Pods-DemoRabbitMQ.release.xcconfig */;
			buildSettings = {
				ASSETCATALOG_COMPILER_APPICON_NAME = LightstreamerIcon;
				CLANG_ENABLE_MODULES = YES;
				DEVELOPMENT_TEAM = H5SA9D7D87;
				INFOPLIST_FILE = "DemoLightstreamer copy-Info.plist";
				LD_RUNPATH_SEARCH_PATHS = "$(inherited) @executable_path/Frameworks";
				PRODUCT_BUNDLE_IDENTIFIER = com.brunoaybar.chatdemos.rabbitmq;
				PRODUCT_NAME = "$(TARGET_NAME)";
				SWIFT_OBJC_BRIDGING_HEADER = "ChatDemos/ChatDemos-Bridging-Header.h";
				SWIFT_VERSION = 3.0;
			};
			name = Release;
		};
		39D2B79B1ED069F50090936D /* Debug */ = {
			isa = XCBuildConfiguration;
			baseConfigurationReference = BF5D222AB9CD77368ECD87EA /* Pods-DemoFirebase.debug.xcconfig */;
			buildSettings = {
				ASSETCATALOG_COMPILER_APPICON_NAME = FirebaseIcon;
				CLANG_ENABLE_MODULES = YES;
				DEVELOPMENT_TEAM = H5SA9D7D87;
				INFOPLIST_FILE = "$(SRCROOT)/ChatDemos/Targets/Firebase/Info.plist";
				LD_RUNPATH_SEARCH_PATHS = "$(inherited) @executable_path/Frameworks";
				PRODUCT_BUNDLE_IDENTIFIER = com.brunoaybar.chatdemos.firebase;
				PRODUCT_NAME = "$(TARGET_NAME)";
				SWIFT_OBJC_BRIDGING_HEADER = "ChatDemos/ChatDemos-Bridging-Header.h";
				SWIFT_OPTIMIZATION_LEVEL = "-Onone";
				SWIFT_VERSION = 3.0;
			};
			name = Debug;
		};
		39D2B79C1ED069F50090936D /* Release */ = {
			isa = XCBuildConfiguration;
			baseConfigurationReference = 48E3277A961A392EA5BA5572 /* Pods-DemoFirebase.release.xcconfig */;
			buildSettings = {
				ASSETCATALOG_COMPILER_APPICON_NAME = FirebaseIcon;
				CLANG_ENABLE_MODULES = YES;
				DEVELOPMENT_TEAM = H5SA9D7D87;
				INFOPLIST_FILE = "$(SRCROOT)/ChatDemos/Targets/Firebase/Info.plist";
				LD_RUNPATH_SEARCH_PATHS = "$(inherited) @executable_path/Frameworks";
				PRODUCT_BUNDLE_IDENTIFIER = com.brunoaybar.chatdemos.firebase;
				PRODUCT_NAME = "$(TARGET_NAME)";
				SWIFT_OBJC_BRIDGING_HEADER = "ChatDemos/ChatDemos-Bridging-Header.h";
				SWIFT_VERSION = 3.0;
			};
			name = Release;
		};
		39D2B7BF1ED07BB80090936D /* Debug */ = {
			isa = XCBuildConfiguration;
			baseConfigurationReference = 5762BCE92810916D111DE126 /* Pods-DemoAbly.debug.xcconfig */;
			buildSettings = {
				ASSETCATALOG_COMPILER_APPICON_NAME = AblyIcon;
				CLANG_ENABLE_MODULES = YES;
				DEVELOPMENT_TEAM = VK59D6Z27Q;
				INFOPLIST_FILE = "$(SRCROOT)/ChatDemos/Targets/Ably/Info.plist";
				LD_RUNPATH_SEARCH_PATHS = "$(inherited) @executable_path/Frameworks";
				PRODUCT_BUNDLE_IDENTIFIER = com.brunoaybar.chatdemos.ably;
				PRODUCT_NAME = "$(TARGET_NAME)";
				SWIFT_OBJC_BRIDGING_HEADER = "ChatDemos/ChatDemos-Bridging-Header.h";
				SWIFT_OPTIMIZATION_LEVEL = "-Onone";
				SWIFT_VERSION = 3.0;
			};
			name = Debug;
		};
		39D2B7C01ED07BB80090936D /* Release */ = {
			isa = XCBuildConfiguration;
			baseConfigurationReference = A0157DE7ACF78E481CAEE63B /* Pods-DemoAbly.release.xcconfig */;
			buildSettings = {
				ASSETCATALOG_COMPILER_APPICON_NAME = AblyIcon;
				CLANG_ENABLE_MODULES = YES;
				DEVELOPMENT_TEAM = VK59D6Z27Q;
				INFOPLIST_FILE = "$(SRCROOT)/ChatDemos/Targets/Ably/Info.plist";
				LD_RUNPATH_SEARCH_PATHS = "$(inherited) @executable_path/Frameworks";
				PRODUCT_BUNDLE_IDENTIFIER = com.brunoaybar.chatdemos.ably;
				PRODUCT_NAME = "$(TARGET_NAME)";
				SWIFT_OBJC_BRIDGING_HEADER = "ChatDemos/ChatDemos-Bridging-Header.h";
				SWIFT_VERSION = 3.0;
			};
			name = Release;
		};
		39D2B7E21ED080EE0090936D /* Debug */ = {
			isa = XCBuildConfiguration;
			baseConfigurationReference = CD08B4E1FB6F27884487EEE7 /* Pods-DemoPubnub.debug.xcconfig */;
			buildSettings = {
				ASSETCATALOG_COMPILER_APPICON_NAME = PubnubIcon;
				CLANG_ENABLE_MODULES = YES;
				DEVELOPMENT_TEAM = VK59D6Z27Q;
				INFOPLIST_FILE = "$(SRCROOT)/ChatDemos/Targets/Pubnub/Info.plist";
				LD_RUNPATH_SEARCH_PATHS = "$(inherited) @executable_path/Frameworks";
				PRODUCT_BUNDLE_IDENTIFIER = com.brunoaybar.chatdemos.pubnub;
				PRODUCT_NAME = "$(TARGET_NAME)";
				SWIFT_OBJC_BRIDGING_HEADER = "ChatDemos/ChatDemos-Bridging-Header.h";
				SWIFT_OPTIMIZATION_LEVEL = "-Onone";
				SWIFT_VERSION = 3.0;
			};
			name = Debug;
		};
		39D2B7E31ED080EE0090936D /* Release */ = {
			isa = XCBuildConfiguration;
			baseConfigurationReference = 9538784E09B9BE28CD2F910F /* Pods-DemoPubnub.release.xcconfig */;
			buildSettings = {
				ASSETCATALOG_COMPILER_APPICON_NAME = PubnubIcon;
				CLANG_ENABLE_MODULES = YES;
				DEVELOPMENT_TEAM = VK59D6Z27Q;
				INFOPLIST_FILE = "$(SRCROOT)/ChatDemos/Targets/Pubnub/Info.plist";
				LD_RUNPATH_SEARCH_PATHS = "$(inherited) @executable_path/Frameworks";
				PRODUCT_BUNDLE_IDENTIFIER = com.brunoaybar.chatdemos.pubnub;
				PRODUCT_NAME = "$(TARGET_NAME)";
				SWIFT_OBJC_BRIDGING_HEADER = "ChatDemos/ChatDemos-Bridging-Header.h";
				SWIFT_VERSION = 3.0;
			};
			name = Release;
		};
		39FD14AC1EAC14C2008EBE66 /* Debug */ = {
			isa = XCBuildConfiguration;
			buildSettings = {
				ALWAYS_SEARCH_USER_PATHS = NO;
				CLANG_ANALYZER_NONNULL = YES;
				CLANG_ANALYZER_NUMBER_OBJECT_CONVERSION = YES_AGGRESSIVE;
				CLANG_CXX_LANGUAGE_STANDARD = "gnu++0x";
				CLANG_CXX_LIBRARY = "libc++";
				CLANG_ENABLE_MODULES = YES;
				CLANG_ENABLE_OBJC_ARC = YES;
				CLANG_WARN_BOOL_CONVERSION = YES;
				CLANG_WARN_CONSTANT_CONVERSION = YES;
				CLANG_WARN_DIRECT_OBJC_ISA_USAGE = YES_ERROR;
				CLANG_WARN_DOCUMENTATION_COMMENTS = YES;
				CLANG_WARN_EMPTY_BODY = YES;
				CLANG_WARN_ENUM_CONVERSION = YES;
				CLANG_WARN_INFINITE_RECURSION = YES;
				CLANG_WARN_INT_CONVERSION = YES;
				CLANG_WARN_OBJC_ROOT_CLASS = YES_ERROR;
				CLANG_WARN_SUSPICIOUS_MOVE = YES;
				CLANG_WARN_UNREACHABLE_CODE = YES;
				CLANG_WARN__DUPLICATE_METHOD_MATCH = YES;
				"CODE_SIGN_IDENTITY[sdk=iphoneos*]" = "iPhone Developer";
				COPY_PHASE_STRIP = NO;
				DEBUG_INFORMATION_FORMAT = dwarf;
				ENABLE_STRICT_OBJC_MSGSEND = YES;
				ENABLE_TESTABILITY = YES;
				GCC_C_LANGUAGE_STANDARD = gnu99;
				GCC_DYNAMIC_NO_PIC = NO;
				GCC_NO_COMMON_BLOCKS = YES;
				GCC_OPTIMIZATION_LEVEL = 0;
				GCC_PREPROCESSOR_DEFINITIONS = (
					"DEBUG=1",
					"$(inherited)",
				);
				GCC_WARN_64_TO_32_BIT_CONVERSION = YES;
				GCC_WARN_ABOUT_RETURN_TYPE = YES_ERROR;
				GCC_WARN_UNDECLARED_SELECTOR = YES;
				GCC_WARN_UNINITIALIZED_AUTOS = YES_AGGRESSIVE;
				GCC_WARN_UNUSED_FUNCTION = YES;
				GCC_WARN_UNUSED_VARIABLE = YES;
				IPHONEOS_DEPLOYMENT_TARGET = 10.3;
				MTL_ENABLE_DEBUG_INFO = YES;
				ONLY_ACTIVE_ARCH = YES;
				SDKROOT = iphoneos;
				SWIFT_ACTIVE_COMPILATION_CONDITIONS = DEBUG;
				SWIFT_OPTIMIZATION_LEVEL = "-Onone";
				TARGETED_DEVICE_FAMILY = "1,2";
			};
			name = Debug;
		};
		39FD14AD1EAC14C2008EBE66 /* Release */ = {
			isa = XCBuildConfiguration;
			buildSettings = {
				ALWAYS_SEARCH_USER_PATHS = NO;
				CLANG_ANALYZER_NONNULL = YES;
				CLANG_ANALYZER_NUMBER_OBJECT_CONVERSION = YES_AGGRESSIVE;
				CLANG_CXX_LANGUAGE_STANDARD = "gnu++0x";
				CLANG_CXX_LIBRARY = "libc++";
				CLANG_ENABLE_MODULES = YES;
				CLANG_ENABLE_OBJC_ARC = YES;
				CLANG_WARN_BOOL_CONVERSION = YES;
				CLANG_WARN_CONSTANT_CONVERSION = YES;
				CLANG_WARN_DIRECT_OBJC_ISA_USAGE = YES_ERROR;
				CLANG_WARN_DOCUMENTATION_COMMENTS = YES;
				CLANG_WARN_EMPTY_BODY = YES;
				CLANG_WARN_ENUM_CONVERSION = YES;
				CLANG_WARN_INFINITE_RECURSION = YES;
				CLANG_WARN_INT_CONVERSION = YES;
				CLANG_WARN_OBJC_ROOT_CLASS = YES_ERROR;
				CLANG_WARN_SUSPICIOUS_MOVE = YES;
				CLANG_WARN_UNREACHABLE_CODE = YES;
				CLANG_WARN__DUPLICATE_METHOD_MATCH = YES;
				"CODE_SIGN_IDENTITY[sdk=iphoneos*]" = "iPhone Developer";
				COPY_PHASE_STRIP = NO;
				DEBUG_INFORMATION_FORMAT = "dwarf-with-dsym";
				ENABLE_NS_ASSERTIONS = NO;
				ENABLE_STRICT_OBJC_MSGSEND = YES;
				GCC_C_LANGUAGE_STANDARD = gnu99;
				GCC_NO_COMMON_BLOCKS = YES;
				GCC_WARN_64_TO_32_BIT_CONVERSION = YES;
				GCC_WARN_ABOUT_RETURN_TYPE = YES_ERROR;
				GCC_WARN_UNDECLARED_SELECTOR = YES;
				GCC_WARN_UNINITIALIZED_AUTOS = YES_AGGRESSIVE;
				GCC_WARN_UNUSED_FUNCTION = YES;
				GCC_WARN_UNUSED_VARIABLE = YES;
				IPHONEOS_DEPLOYMENT_TARGET = 10.3;
				MTL_ENABLE_DEBUG_INFO = NO;
				SDKROOT = iphoneos;
				SWIFT_OPTIMIZATION_LEVEL = "-Owholemodule";
				TARGETED_DEVICE_FAMILY = "1,2";
				VALIDATE_PRODUCT = YES;
			};
			name = Release;
		};
		39FD14AF1EAC14C2008EBE66 /* Debug */ = {
			isa = XCBuildConfiguration;
			baseConfigurationReference = 4FC17D995D64E96BC07FB7AC /* Pods-ChatDemos.debug.xcconfig */;
			buildSettings = {
				ASSETCATALOG_COMPILER_APPICON_NAME = AppIcon;
				CLANG_ENABLE_MODULES = YES;
				DEVELOPMENT_TEAM = VK59D6Z27Q;
				INFOPLIST_FILE = "$(SRCROOT)/ChatDemos/Info.plist";
				LD_RUNPATH_SEARCH_PATHS = "$(inherited) @executable_path/Frameworks";
				PRODUCT_BUNDLE_IDENTIFIER = com.brunoaybar.chatdemos;
				PRODUCT_NAME = "$(TARGET_NAME)";
				SWIFT_OBJC_BRIDGING_HEADER = "ChatDemos/ChatDemos-Bridging-Header.h";
				SWIFT_OPTIMIZATION_LEVEL = "-Onone";
				SWIFT_VERSION = 3.0;
			};
			name = Debug;
		};
		39FD14B01EAC14C2008EBE66 /* Release */ = {
			isa = XCBuildConfiguration;
			baseConfigurationReference = E7E1C4D6A45003AD88758528 /* Pods-ChatDemos.release.xcconfig */;
			buildSettings = {
				ASSETCATALOG_COMPILER_APPICON_NAME = AppIcon;
				CLANG_ENABLE_MODULES = YES;
				DEVELOPMENT_TEAM = VK59D6Z27Q;
				INFOPLIST_FILE = "$(SRCROOT)/ChatDemos/Info.plist";
				LD_RUNPATH_SEARCH_PATHS = "$(inherited) @executable_path/Frameworks";
				PRODUCT_BUNDLE_IDENTIFIER = com.brunoaybar.chatdemos;
				PRODUCT_NAME = "$(TARGET_NAME)";
				SWIFT_OBJC_BRIDGING_HEADER = "ChatDemos/ChatDemos-Bridging-Header.h";
				SWIFT_VERSION = 3.0;
			};
			name = Release;
		};
/* End XCBuildConfiguration section */

/* Begin XCConfigurationList section */
		399A40B11EDA3AD0005E1892 /* Build configuration list for PBXNativeTarget "DemoLightstreamer" */ = {
			isa = XCConfigurationList;
			buildConfigurations = (
				399A40B21EDA3AD0005E1892 /* Debug */,
				399A40B31EDA3AD0005E1892 /* Release */,
			);
			defaultConfigurationIsVisible = 0;
			defaultConfigurationName = Release;
		};
		39AA2DB51EF0AD6600B01384 /* Build configuration list for PBXNativeTarget "DemoRabbitMQ" */ = {
			isa = XCConfigurationList;
			buildConfigurations = (
				39AA2DB61EF0AD6600B01384 /* Debug */,
				39AA2DB71EF0AD6600B01384 /* Release */,
			);
			defaultConfigurationIsVisible = 0;
			defaultConfigurationName = Release;
		};
		39D2B79A1ED069F50090936D /* Build configuration list for PBXNativeTarget "DemoFirebase" */ = {
			isa = XCConfigurationList;
			buildConfigurations = (
				39D2B79B1ED069F50090936D /* Debug */,
				39D2B79C1ED069F50090936D /* Release */,
			);
			defaultConfigurationIsVisible = 0;
			defaultConfigurationName = Release;
		};
		39D2B7BE1ED07BB80090936D /* Build configuration list for PBXNativeTarget "DemoAbly" */ = {
			isa = XCConfigurationList;
			buildConfigurations = (
				39D2B7BF1ED07BB80090936D /* Debug */,
				39D2B7C01ED07BB80090936D /* Release */,
			);
			defaultConfigurationIsVisible = 0;
			defaultConfigurationName = Release;
		};
		39D2B7E11ED080EE0090936D /* Build configuration list for PBXNativeTarget "DemoPubnub" */ = {
			isa = XCConfigurationList;
			buildConfigurations = (
				39D2B7E21ED080EE0090936D /* Debug */,
				39D2B7E31ED080EE0090936D /* Release */,
			);
			defaultConfigurationIsVisible = 0;
			defaultConfigurationName = Release;
		};
		39FD14971EAC14C2008EBE66 /* Build configuration list for PBXProject "ChatDemos" */ = {
			isa = XCConfigurationList;
			buildConfigurations = (
				39FD14AC1EAC14C2008EBE66 /* Debug */,
				39FD14AD1EAC14C2008EBE66 /* Release */,
			);
			defaultConfigurationIsVisible = 0;
			defaultConfigurationName = Release;
		};
		39FD14AE1EAC14C2008EBE66 /* Build configuration list for PBXNativeTarget "ChatDemos" */ = {
			isa = XCConfigurationList;
			buildConfigurations = (
				39FD14AF1EAC14C2008EBE66 /* Debug */,
				39FD14B01EAC14C2008EBE66 /* Release */,
			);
			defaultConfigurationIsVisible = 0;
			defaultConfigurationName = Release;
		};
/* End XCConfigurationList section */
	};
	rootObject = 39FD14941EAC14C2008EBE66 /* Project object */;
}
